# THIS IS AN AUTOGENERATED FILE. DO NOT EDIT THIS FILE DIRECTLY.
# yarn lockfile v1


"@types/node@^24.2.0":
  version "24.2.0"
  resolved "https://registry.yarnpkg.com/@types/node/-/node-24.2.0.tgz#cde712f88c5190006d6b069232582ecd1f94a760"
  integrity sha512-3xyG3pMCq3oYCNg7/ZP+E1ooTaGB4cG8JWRsqqOYQdbWNY4zbaV0Ennrd7stjiJEFZCaybcIgpTjJWHRfBSIDw==
  dependencies:
    undici-types "~7.10.0"

undici-types@~7.10.0:
  version "7.10.0"
  resolved "https://registry.yarnpkg.com/undici-types/-/undici-types-7.10.0.tgz#4ac2e058ce56b462b056e629cc6a02393d3ff350"
  integrity sha512-t5Fy/nfn+14LuOc2KNYg75vZqClpAiqscVvMygNnlsHBFpSXdJaYtXMcdNLpl/Qvc3P2cB3s6lOV51nqsFq4ag==
