{
  "name": "@semapps/ldp",
  "version": "0.3.22",
  "lockfileVersion": 1,
  "requires": true,
  "dependencies": {
    "@comunica/actor-abstract-mediatyped": {
      "version": "1.22.0",
      "resolved": "https://registry.npmjs.org/@comunica/actor-abstract-mediatyped/-/actor-abstract-mediatyped-1.22.0.tgz",
      "integrity": "sha512-+KQLPpx8GFqrhWFfuvrsA4Rjlfbo/QOIo2IvzSgmDwy6YVQZXaSQiNQv/BnrnedaFCf2ONV+w+PMLqXgzn8N9A=="
    },
    "@comunica/actor-http-native": {
      "version": "1.22.0",
      "resolved": "https://registry.npmjs.org/@comunica/actor-http-native/-/actor-http-native-1.22.0.tgz",
      "integrity": "sha512-4EUY+iCnq51vzX850JnV2nZpgtM3G29spy/SMjBx9xZ4snU4AHACZifDm1jkos60wxEzoP89iagcztcRrv71kA==",
      "requires": {
        "@comunica/context-entries": "^1.22.0",
        "@types/parse-link-header": "^1.0.0",
        "cross-fetch": "^3.0.5",
        "follow-redirects": "^1.5.1",
        "parse-link-header": "^1.0.1"
      }
    },
    "@comunica/actor-rdf-parse-html": {
      "version": "1.22.0",
      "resolved": "https://registry.npmjs.org/@comunica/actor-rdf-parse-html/-/actor-rdf-parse-html-1.22.0.tgz",
      "integrity": "sha512-U9pznSpQ1POSH+ekOke3lYKO0fsUbNdv1g1nfuWz/MV3xMCF/d2f3CVBjXRSx9qwyb/2zUrOjBCJRrYkfZ6geQ==",
      "requires": {
        "@comunica/bus-rdf-parse-html": "^1.22.0",
        "@rdfjs/types": "*",
        "htmlparser2": "^7.0.0"
      }
    },
    "@comunica/actor-rdf-parse-html-microdata": {
      "version": "1.22.0",
      "resolved": "https://registry.npmjs.org/@comunica/actor-rdf-parse-html-microdata/-/actor-rdf-parse-html-microdata-1.22.0.tgz",
      "integrity": "sha512-OdB3Z7ZCtVAcsVU2Vs0ytGbiz0eYkeBwVA3k0vGVhSN3ygng5Thj+t8jxG6QWHlLvaIXfJFh0x57qY5tXkr8uQ==",
      "requires": {
        "microdata-rdf-streaming-parser": "^1.2.0"
      }
    },
    "@comunica/actor-rdf-parse-html-rdfa": {
      "version": "1.22.0",
      "resolved": "https://registry.npmjs.org/@comunica/actor-rdf-parse-html-rdfa/-/actor-rdf-parse-html-rdfa-1.22.0.tgz",
      "integrity": "sha512-yVjYLpm9rbpPiqU1OE4Yioyk/YHtO6ywVMbdOPUNLeOwrtWou8vKX0Xh4UUR24Qrt8nuhE+p0kCJiZZtM1PmSQ==",
      "requires": {
        "rdfa-streaming-parser": "^1.5.0"
      }
    },
    "@comunica/actor-rdf-parse-html-script": {
      "version": "1.22.0",
      "resolved": "https://registry.npmjs.org/@comunica/actor-rdf-parse-html-script/-/actor-rdf-parse-html-script-1.22.0.tgz",
      "integrity": "sha512-gQSY56wkS/uftRyjQf+/dQFRpA/jZ6z2o2RgGbQc2avgKTkhaiTtPxpfO1oarLskm1sPlQOFo24ZwqUSqjOwcA==",
      "requires": {
        "@comunica/bus-rdf-parse-html": "^1.22.0",
        "@rdfjs/types": "*",
        "relative-to-absolute-iri": "^1.0.5"
      }
    },
    "@comunica/actor-rdf-parse-jsonld": {
      "version": "1.22.0",
      "resolved": "https://registry.npmjs.org/@comunica/actor-rdf-parse-jsonld/-/actor-rdf-parse-jsonld-1.22.0.tgz",
      "integrity": "sha512-cWUQOfJ2k4Ggx3MaHspJAxO5qHWA42FDMoZlpKw00+9bNYJajVpmLqZ8vd6FWo8BhBTKUgCa27QCxlCcbJjjdA==",
      "requires": {
        "@comunica/context-entries": "^1.22.0",
        "@rdfjs/types": "*",
        "jsonld-context-parser": "^2.1.2",
        "jsonld-streaming-parser": "^2.4.0",
        "stream-to-string": "^1.2.0"
      }
    },
    "@comunica/actor-rdf-parse-n3": {
      "version": "1.22.0",
      "resolved": "https://registry.npmjs.org/@comunica/actor-rdf-parse-n3/-/actor-rdf-parse-n3-1.22.0.tgz",
      "integrity": "sha512-qHrGfh5k/pZa4imy7m9gJ1kt9aW1uxXqLDKnLKvR2l0m09YiEx/YOYWr1Wtu1YtH/Yyc13OX4mo/OwaE5PfrHQ==",
      "requires": {
        "@types/n3": "^1.4.4",
        "n3": "^1.6.3"
      }
    },
    "@comunica/actor-rdf-parse-rdfxml": {
      "version": "1.22.0",
      "resolved": "https://registry.npmjs.org/@comunica/actor-rdf-parse-rdfxml/-/actor-rdf-parse-rdfxml-1.22.0.tgz",
      "integrity": "sha512-k47WEAZ6qKEhf1eBZZeI5aVywlrUUKP3BKHw2zKJUjuWq5k+w/rp2WALCyt0Owtb37UlJbET3fTlUhXKvT+2aw==",
      "requires": {
        "rdfxml-streaming-parser": "^1.5.0"
      }
    },
    "@comunica/actor-rdf-parse-xml-rdfa": {
      "version": "1.22.0",
      "resolved": "https://registry.npmjs.org/@comunica/actor-rdf-parse-xml-rdfa/-/actor-rdf-parse-xml-rdfa-1.22.0.tgz",
      "integrity": "sha512-y315YcZTz7AizKf8Jl022IocAJIh3OHSlzNrRNH3zB7i/ch+WHj1VL9pjIf6y77PD4BR75EdeoQCPafpm5Gsbg==",
      "requires": {
        "rdfa-streaming-parser": "^1.5.0"
      }
    },
    "@comunica/bus-http": {
      "version": "1.22.0",
      "resolved": "https://registry.npmjs.org/@comunica/bus-http/-/bus-http-1.22.0.tgz",
      "integrity": "sha512-hslwWJiu7pbPPGXye8NQnYeBoTdiPSpr51oZf4fj5jTxHPLJEbnika7+anYncQsW+amHYAmaDqJDwEQJIQYQog==",
      "requires": {
        "@comunica/context-entries": "^1.22.0",
        "is-stream": "^2.0.0",
        "web-streams-node": "^0.4.0"
      }
    },
    "@comunica/bus-init": {
      "version": "1.22.0",
      "resolved": "https://registry.npmjs.org/@comunica/bus-init/-/bus-init-1.22.0.tgz",
      "integrity": "sha512-NIfEJLI8EYFdTWJB0PV/lxPagStPl+gUj3LtOnovcF1ZhC5rgcJSC/tq1r04n0TziY2KVangnLDsF4752LjD6g=="
    },
    "@comunica/bus-rdf-parse": {
      "version": "1.22.0",
      "resolved": "https://registry.npmjs.org/@comunica/bus-rdf-parse/-/bus-rdf-parse-1.22.0.tgz",
      "integrity": "sha512-ohZGlabX5K+dEmn+v4BzP+IZVyRc1ovWItHDLznnRqsHQr8W19WPG21lEFh5kk2MK4YnyQWmlUax1Yxrg7cbXg==",
      "requires": {
        "@comunica/actor-abstract-mediatyped": "^1.22.0",
        "@rdfjs/types": "*"
      }
    },
    "@comunica/bus-rdf-parse-html": {
      "version": "1.22.0",
      "resolved": "https://registry.npmjs.org/@comunica/bus-rdf-parse-html/-/bus-rdf-parse-html-1.22.0.tgz",
      "integrity": "sha512-zqdLdF5qvru1vnzN4t9eXpJhi6khKm1ZWhUovBB9pfYnnyGRCQCPlFpcgJPrD8JfKd6nTvhgdLB5QcAbBb1I0A==",
      "requires": {
        "@rdfjs/types": "*"
      }
    },
    "@comunica/context-entries": {
      "version": "1.22.0",
      "resolved": "https://registry.npmjs.org/@comunica/context-entries/-/context-entries-1.22.0.tgz",
      "integrity": "sha512-HOYr1HdhgavxABpw8saZa9pueLAeGVVd/6cZ3FWcYnH3CvfQu6Ima06Gd00QdIAiGjQm01qQcWCxp0xURiqLKg=="
    },
    "@comunica/core": {
      "version": "1.22.0",
      "resolved": "https://registry.npmjs.org/@comunica/core/-/core-1.22.0.tgz",
      "integrity": "sha512-tgozygRFTd6t6l0YyvfVUWNC+KXWiTlBclkxtzFioQsplKvUSvg1TPjopRk8hhAvMaNRGMNBK2ZafNaqNTkI4w==",
      "requires": {
        "@comunica/context-entries": "^1.22.0",
        "@comunica/types": "^1.22.0",
        "immutable": "^3.8.2"
      }
    },
    "@comunica/mediator-combine-union": {
      "version": "1.22.0",
      "resolved": "https://registry.npmjs.org/@comunica/mediator-combine-union/-/mediator-combine-union-1.22.0.tgz",
      "integrity": "sha512-iUHmEGgWVmk02e80uB7w8xZ5vgTLpiqzrImvbokolJzWcVbobVCUkq8DUxzz3FJbNVRGipZUFrOqkRPAuAX6FA=="
    },
    "@comunica/mediator-number": {
      "version": "1.22.0",
      "resolved": "https://registry.npmjs.org/@comunica/mediator-number/-/mediator-number-1.22.0.tgz",
      "integrity": "sha512-KDPlJEvj0Lu+JygGXjnH8pf33k01lJ+wgzUlWK216jZJ1Px2lTlfc/COhSqi/e0y+k4ZSBcxx0gnjt2awMpbrQ=="
    },
    "@comunica/mediator-race": {
      "version": "1.22.0",
      "resolved": "https://registry.npmjs.org/@comunica/mediator-race/-/mediator-race-1.22.0.tgz",
      "integrity": "sha512-hIMaHyf9M4jOS0199OURSVgWFmzkyF2K2keuAb+iHoCH3UUcUnWjPOL1TrdkxvaUnrxmsBWR9SXbnqgMnhIsiQ=="
    },
    "@comunica/types": {
      "version": "1.22.0",
      "resolved": "https://registry.npmjs.org/@comunica/types/-/types-1.22.0.tgz",
      "integrity": "sha512-ZQ8p+ZvMAKmdq6Hz2QwqIQ2JScwRMotiWz0iSw2zYHsYQOhVmLg7HSMzMHpWNEA5UWzO/A5A+Co/ONXMhlnx3g==",
      "requires": {
        "@rdfjs/types": "*",
        "asynciterator": "^3.2.0",
        "immutable": "^3.8.2",
        "sparqlalgebrajs": "^3.0.1"
      }
    },
    "@rdfjs/types": {
      "version": "1.0.1",
      "resolved": "https://registry.npmjs.org/@rdfjs/types/-/types-1.0.1.tgz",
      "integrity": "sha512-YxVkH0XrCNG3MWeZxfg596GFe+oorTVusmNxRP6ZHTsGczZ8AGvG3UchRNkg3Fy4MyysI7vBAA5YZbESL+VmHQ==",
      "requires": {
        "@types/node": "*"
      }
    },
    "@types/http-link-header": {
      "version": "1.0.3",
      "resolved": "https://registry.npmjs.org/@types/http-link-header/-/http-link-header-1.0.3.tgz",
      "integrity": "sha512-y8HkoD/vyid+5MrJ3aas0FvU3/BVBGcyG9kgxL0Zn4JwstA8CglFPnrR0RuzOjRCXwqzL5uxWC2IO7Ub0rMU2A==",
      "requires": {
        "@types/node": "*"
      }
    },
    "@types/n3": {
      "version": "1.10.3",
      "resolved": "https://registry.npmjs.org/@types/n3/-/n3-1.10.3.tgz",
      "integrity": "sha512-eVw/weCi6JPooPTz7Zgezmdw5ypNE57Ep+SlxFhT75F0nL9snsu1TIpAMAqtzHvi7VKJKJbnuOxAy9jgFCXDTA==",
      "requires": {
        "@types/node": "*",
        "rdf-js": "^4.0.2"
      }
    },
    "@types/node": {
      "version": "16.7.10",
      "resolved": "https://registry.npmjs.org/@types/node/-/node-16.7.10.tgz",
      "integrity": "sha512-S63Dlv4zIPb8x6MMTgDq5WWRJQe56iBEY0O3SOFA9JrRienkOVDXSXBjjJw6HTNQYSE2JI6GMCR6LVbIMHJVvA=="
    },
    "@types/parse-link-header": {
      "version": "1.0.0",
      "resolved": "https://registry.npmjs.org/@types/parse-link-header/-/parse-link-header-1.0.0.tgz",
      "integrity": "sha512-fCA3btjE7QFeRLfcD0Sjg+6/CnmC66HpMBoRfRzd2raTaWMJV21CCZ0LO8MOqf8onl5n0EPfjq4zDhbyX8SVwA=="
    },
    "@types/sparqljs": {
      "version": "3.1.3",
      "resolved": "https://registry.npmjs.org/@types/sparqljs/-/sparqljs-3.1.3.tgz",
      "integrity": "sha512-nmFgmR6ns4i8sg9fYu+293H+PMLKmDOZy34sgwgAeUEEiIqSs4guj5aCZRt3gq1g0yuKXkqrxLDq/684g7pGtQ==",
      "requires": {
        "rdf-js": "^4.0.2"
      }
    },
    "ansi-styles": {
      "version": "3.2.1",
      "resolved": "https://registry.npmjs.org/ansi-styles/-/ansi-styles-3.2.1.tgz",
      "integrity": "sha512-VT0ZI6kZRdTh8YyJw3SMbYm/u+NqfsAxEpWO0Pf9sq8/e94WxxOpPKx9FR1FlyCtOVDNOQ+8ntlqFxiRc+r5qA==",
      "requires": {
        "color-convert": "^1.9.0"
      }
    },
    "args": {
      "version": "5.0.1",
      "resolved": "https://registry.npmjs.org/args/-/args-5.0.1.tgz",
      "integrity": "sha512-1kqmFCFsPffavQFGt8OxJdIcETti99kySRUPMpOhaGjL6mRJn8HFU1OxKY5bMqfZKUwTQc1mZkAjmGYaVOHFtQ==",
      "requires": {
        "camelcase": "5.0.0",
        "chalk": "2.4.2",
        "leven": "2.1.0",
        "mri": "1.1.4"
      }
    },
    "asynciterator": {
      "version": "3.2.0",
      "resolved": "https://registry.npmjs.org/asynciterator/-/asynciterator-3.2.0.tgz",
      "integrity": "sha512-gVrDh9bNDA0TJPTKNFqb0A1je+VBBeS6D18oR92volMcLYN0qizAfOZXH3lmun5XNUim4oIlXWkGoR8mDZlwdg=="
    },
    "balanced-match": {
      "version": "1.0.2",
      "resolved": "https://registry.npmjs.org/balanced-match/-/balanced-match-1.0.2.tgz",
      "integrity": "sha512-3oSeUO0TMV67hN1AmbXsK4yaqU7tjiHlbxRDZOpH0KW9+CeX4bRAaX0Anxt0tx2MrpRpWwQaPwIlISEJhYU5Pw=="
    },
    "base64-js": {
      "version": "1.3.1",
      "resolved": "https://registry.npmjs.org/base64-js/-/base64-js-1.3.1.tgz",
      "integrity": "sha512-mLQ4i2QO1ytvGWFWmcngKO//JXAQueZvwEKtjgQFM4jIK0kU+ytMfplL8j+n5mspOfjHwoAg+9yhb7BwAHm36g=="
    },
    "brace-expansion": {
      "version": "1.1.11",
      "resolved": "https://registry.npmjs.org/brace-expansion/-/brace-expansion-1.1.11.tgz",
      "integrity": "sha512-iCuPHDFgrHX7H2vEI/5xpz07zSHB00TpugqhmYtVmMO6518mCuRMoOYFldEBl0g187ufozdaHgWKcYFb61qGiA==",
      "requires": {
        "balanced-match": "^1.0.0",
        "concat-map": "0.0.1"
      }
    },
    "bson": {
      "version": "4.1.0",
      "resolved": "https://registry.npmjs.org/bson/-/bson-4.1.0.tgz",
      "integrity": "sha512-xwNzRRsK2xmHvHuPESi0zVfgsm4edO47WdulNaShTriunNUMRDOAlKwpJc8zpkOXczIzbxUD7kFzhUGVYoZLDw==",
      "requires": {
        "buffer": "^5.1.0",
        "long": "^4.0.0"
      }
    },
    "buffer": {
      "version": "5.6.0",
      "resolved": "https://registry.npmjs.org/buffer/-/buffer-5.6.0.tgz",
      "integrity": "sha512-/gDYp/UtU0eA1ys8bOs9J6a+E/KWIY+DZ+Q2WESNUA0jFRsJOc0SNUO6xJ5SGA1xueg3NL65W6s+NY5l9cunuw==",
      "requires": {
        "base64-js": "^1.0.2",
        "ieee754": "^1.1.4"
      }
    },
    "camelcase": {
      "version": "5.0.0",
      "resolved": "https://registry.npmjs.org/camelcase/-/camelcase-5.0.0.tgz",
      "integrity": "sha512-faqwZqnWxbxn+F1d399ygeamQNy3lPp/H9H6rNrqYh4FSVCtcY+3cub1MxA8o9mDd55mM8Aghuu/kuyYA6VTsA=="
    },
    "canonicalize": {
      "version": "1.0.5",
      "resolved": "https://registry.npmjs.org/canonicalize/-/canonicalize-1.0.5.tgz",
      "integrity": "sha512-mAjKJPIyP0xqqv6IAkvso07StOmz6cmGtNDg3pXCSzXVZOqka7StIkAhJl/zHOi4M2CgpYfD6aeRWbnrmtvBEA=="
    },
    "chalk": {
      "version": "2.4.2",
      "resolved": "https://registry.npmjs.org/chalk/-/chalk-2.4.2.tgz",
      "integrity": "sha512-Mti+f9lpJNcwF4tWV8/OrTTtF1gZi+f8FqlyAdouralcFWFQWF2+NgCHShjkCb+IFBLq9buZwE1xckQU4peSuQ==",
      "requires": {
        "ansi-styles": "^3.2.1",
        "escape-string-regexp": "^1.0.5",
        "supports-color": "^5.3.0"
      }
    },
    "color-convert": {
      "version": "1.9.3",
      "resolved": "https://registry.npmjs.org/color-convert/-/color-convert-1.9.3.tgz",
      "integrity": "sha512-QfAUtd+vFdAtFQcC8CCyYt1fYWxSqAiK2cSD6zDB8N3cpsEBAvRxp9zOGg6G/SHHJYAT88/az/IuDGALsNVbGg==",
      "requires": {
        "color-name": "1.1.3"
      }
    },
    "color-name": {
      "version": "1.1.3",
      "resolved": "https://registry.npmjs.org/color-name/-/color-name-1.1.3.tgz",
      "integrity": "sha1-p9BVi9icQveV3UIyj3QIMcpTvCU="
    },
    "concat-map": {
      "version": "0.0.1",
      "resolved": "https://registry.npmjs.org/concat-map/-/concat-map-0.0.1.tgz",
      "integrity": "sha1-2Klr13/Wjfd5OnMDajug1UBdR3s="
    },
    "cross-fetch": {
      "version": "3.1.4",
      "resolved": "https://registry.npmjs.org/cross-fetch/-/cross-fetch-3.1.4.tgz",
      "integrity": "sha512-1eAtFWdIubi6T4XPy6ei9iUFoKpUkIF971QLN8lIvvvwueI65+Nw5haMNKUwfJxabqlIIDODJKGrQ66gxC0PbQ==",
      "requires": {
        "node-fetch": "2.6.1"
      }
    },
    "dom-serializer": {
      "version": "1.3.2",
      "resolved": "https://registry.npmjs.org/dom-serializer/-/dom-serializer-1.3.2.tgz",
      "integrity": "sha512-5c54Bk5Dw4qAxNOI1pFEizPSjVsx5+bpJKmL2kPn8JhBUq2q09tTCa3mjijun2NfK78NMouDYNMBkOrPZiS+ig==",
      "requires": {
        "domelementtype": "^2.0.1",
        "domhandler": "^4.2.0",
        "entities": "^2.0.0"
      },
      "dependencies": {
        "entities": {
          "version": "2.2.0",
          "resolved": "https://registry.npmjs.org/entities/-/entities-2.2.0.tgz",
          "integrity": "sha512-p92if5Nz619I0w+akJrLZH0MX0Pb5DX39XOwQTtXSdQQOaYH03S1uIQp4mhOZtAXrxq4ViO67YTiLBo2638o9A=="
        }
      }
    },
    "domelementtype": {
      "version": "2.2.0",
      "resolved": "https://registry.npmjs.org/domelementtype/-/domelementtype-2.2.0.tgz",
      "integrity": "sha512-DtBMo82pv1dFtUmHyr48beiuq792Sxohr+8Hm9zoxklYPfa6n0Z3Byjj2IV7bmr2IyqClnqEQhfgHJJ5QF0R5A=="
    },
    "domhandler": {
      "version": "4.2.2",
      "resolved": "https://registry.npmjs.org/domhandler/-/domhandler-4.2.2.tgz",
      "integrity": "sha512-PzE9aBMsdZO8TK4BnuJwH0QT41wgMbRzuZrHUcpYncEjmQazq8QEaBWgLG7ZyC/DAZKEgglpIA6j4Qn/HmxS3w==",
      "requires": {
        "domelementtype": "^2.2.0"
      }
    },
    "domutils": {
      "version": "2.8.0",
      "resolved": "https://registry.npmjs.org/domutils/-/domutils-2.8.0.tgz",
      "integrity": "sha512-w96Cjofp72M5IIhpjgobBimYEfoPjx1Vx0BSX9P30WBdZW2WIKU0T1Bd0kz2eNZ9ikjKgHbEyKx8BB6H1L3h3A==",
      "requires": {
        "dom-serializer": "^1.0.1",
        "domelementtype": "^2.2.0",
        "domhandler": "^4.2.0"
      }
    },
    "entities": {
      "version": "3.0.1",
      "resolved": "https://registry.npmjs.org/entities/-/entities-3.0.1.tgz",
      "integrity": "sha512-WiyBqoomrwMdFG1e0kqvASYfnlb0lp8M5o5Fw2OFq1hNZxxcNk8Ik0Xm7LxzBhuidnZB/UtBqVCgUz3kBOP51Q=="
    },
    "escape-string-regexp": {
      "version": "1.0.5",
      "resolved": "https://registry.npmjs.org/escape-string-regexp/-/escape-string-regexp-1.0.5.tgz",
      "integrity": "sha1-G2HAViGQqN/2rjuyzwIAyhMLhtQ="
    },
    "eventemitter2": {
      "version": "6.4.5",
      "resolved": "https://registry.npmjs.org/eventemitter2/-/eventemitter2-6.4.5.tgz",
      "integrity": "sha512-bXE7Dyc1i6oQElDG0jMRZJrRAn9QR2xyyFGmBdZleNmyQX0FqGYmhZIrIrpPfm/w//LTo4tVQGOGQcGCb5q9uw=="
    },
    "fast-deep-equal": {
      "version": "3.1.3",
      "resolved": "https://registry.npmjs.org/fast-deep-equal/-/fast-deep-equal-3.1.3.tgz",
      "integrity": "sha512-f3qQ9oQy9j2AhBe/H9VC91wLmKBCCU/gDOnKNAYG5hswO7BLKj09Hc5HYNz9cGI++xlpDCIgDaitVs03ATR84Q=="
    },
    "fastest-validator": {
      "version": "1.12.0",
      "resolved": "https://registry.npmjs.org/fastest-validator/-/fastest-validator-1.12.0.tgz",
      "integrity": "sha512-Qc7oCVO9hAPz5GUONmToIoa95YWzoe7SLsrjIXTfCFf6HFQXxxWePXe8D+Kp/XCrr5H/pMJwP2xprW07wYv/BQ=="
    },
    "follow-redirects": {
      "version": "1.14.3",
      "resolved": "https://registry.npmjs.org/follow-redirects/-/follow-redirects-1.14.3.tgz",
      "integrity": "sha512-3MkHxknWMUtb23apkgz/83fDoe+y+qr0TdgacGIA7bew+QLBo3vdgEN2xEsuXNivpFy4CyDhBBZnNZOtalmenw=="
    },
    "fs.realpath": {
      "version": "1.0.0",
      "resolved": "https://registry.npmjs.org/fs.realpath/-/fs.realpath-1.0.0.tgz",
      "integrity": "sha1-FQStJSMVjKpA20onh8sBQRmU6k8="
    },
    "glob": {
      "version": "7.2.0",
      "resolved": "https://registry.npmjs.org/glob/-/glob-7.2.0.tgz",
      "integrity": "sha512-lmLf6gtyrPq8tTjSmrO94wBeQbFR3HbLHbuyD69wuyQkImp2hWqMGB47OX65FBkPffO641IP9jWa1z4ivqG26Q==",
      "requires": {
        "fs.realpath": "^1.0.0",
        "inflight": "^1.0.4",
        "inherits": "2",
        "minimatch": "^3.0.4",
        "once": "^1.3.0",
        "path-is-absolute": "^1.0.0"
      }
    },
    "has-flag": {
      "version": "3.0.0",
      "resolved": "https://registry.npmjs.org/has-flag/-/has-flag-3.0.0.tgz",
      "integrity": "sha1-tdRU3CGZriJWmfNGfloH87lVuv0="
    },
    "hash.js": {
      "version": "1.1.7",
      "resolved": "https://registry.npmjs.org/hash.js/-/hash.js-1.1.7.tgz",
      "integrity": "sha512-taOaskGt4z4SOANNseOviYDvjEJinIkRgmp7LbKP2YTTmVxWBl87s/uzK9r+44BclBSp2X7K1hqeNfz9JbBeXA==",
      "requires": {
        "inherits": "^2.0.3",
        "minimalistic-assert": "^1.0.1"
      }
    },
    "htmlparser2": {
      "version": "7.1.1",
      "resolved": "https://registry.npmjs.org/htmlparser2/-/htmlparser2-7.1.1.tgz",
      "integrity": "sha512-hZb0lfG0hbhR/hB879zbBr8Opv0Be9Zp+JYHgqTw5epF++aotu/zmMTPLy/60iJyR1MaD/3pYRp7xYteXsZMEA==",
      "requires": {
        "domelementtype": "^2.0.1",
        "domhandler": "^4.0.0",
        "domutils": "^2.8.0",
        "entities": "^3.0.1"
      }
    },
    "http-link-header": {
      "version": "1.0.3",
      "resolved": "https://registry.npmjs.org/http-link-header/-/http-link-header-1.0.3.tgz",
      "integrity": "sha512-nARK1wSKoBBrtcoESlHBx36c1Ln/gnbNQi1eB6MeTUefJIT3NvUOsV15bClga0k38f0q/kN5xxrGSDS3EFnm9w=="
    },
    "ieee754": {
      "version": "1.1.13",
      "resolved": "https://registry.npmjs.org/ieee754/-/ieee754-1.1.13.tgz",
      "integrity": "sha512-4vf7I2LYV/HaWerSo3XmlMkp5eZ83i+/CDluXi/IGTs/O1sejBNhTtnxzmRZfvOUqj7lZjqHkeTvpgSFDlWZTg=="
    },
    "immutable": {
      "version": "3.8.2",
      "resolved": "https://registry.npmjs.org/immutable/-/immutable-3.8.2.tgz",
      "integrity": "sha1-wkOZUUVbs5kT2vKBN28VMOEErfM="
    },
    "inflight": {
      "version": "1.0.6",
      "resolved": "https://registry.npmjs.org/inflight/-/inflight-1.0.6.tgz",
      "integrity": "sha1-Sb1jMdfQLQwJvJEKEHW6gWW1bfk=",
      "requires": {
        "once": "^1.3.0",
        "wrappy": "1"
      }
    },
    "inherits": {
      "version": "2.0.4",
      "resolved": "https://registry.npmjs.org/inherits/-/inherits-2.0.4.tgz",
      "integrity": "sha512-k/vGaX4/Yla3WzyMCvTQOXYeIHvqOKtnqBduzTHpzpQZzAskKMhZ2K+EnBiSM9zGSoIFeMpXKxa4dYeZIQqewQ=="
    },
    "ipaddr.js": {
      "version": "2.0.1",
      "resolved": "https://registry.npmjs.org/ipaddr.js/-/ipaddr.js-2.0.1.tgz",
      "integrity": "sha512-1qTgH9NG+IIJ4yfKs2e6Pp1bZg8wbDbKHT21HrLIeYBTRLgMYKnMTPAuI3Lcs61nfx5h1xlXnbJtH1kX5/d/ng=="
    },
    "is-stream": {
      "version": "2.0.1",
      "resolved": "https://registry.npmjs.org/is-stream/-/is-stream-2.0.1.tgz",
      "integrity": "sha512-hFoiJiTl63nn+kstHGBtewWSKnQLpyb155KHheA1l39uvtO9nWIop1p3udqPcUd/xbF1VLMO4n7OI6p7RbngDg=="
    },
    "jsonld-context-parser": {
      "version": "2.1.5",
      "resolved": "https://registry.npmjs.org/jsonld-context-parser/-/jsonld-context-parser-2.1.5.tgz",
      "integrity": "sha512-rsu5hB6bADa511l0QhG4lndAqlN7PQ4wsS0UKqLWUKg1GUQqYmh2SNfbwXiRiHZRJqhvCNqv9/5tQ3zzk4hMtg==",
      "requires": {
        "@types/http-link-header": "^1.0.1",
        "@types/node": "^13.1.0",
        "canonicalize": "^1.0.1",
        "cross-fetch": "^3.0.6",
        "http-link-header": "^1.0.2",
        "relative-to-absolute-iri": "^1.0.5"
      },
      "dependencies": {
        "@types/node": {
          "version": "13.13.52",
          "resolved": "https://registry.npmjs.org/@types/node/-/node-13.13.52.tgz",
          "integrity": "sha512-s3nugnZumCC//n4moGGe6tkNMyYEdaDBitVjwPxXmR5lnMG5dHePinH2EdxkG3Rh1ghFHHixAG4NJhpJW1rthQ=="
        }
      }
    },
    "jsonld-streaming-parser": {
      "version": "2.4.0",
      "resolved": "https://registry.npmjs.org/jsonld-streaming-parser/-/jsonld-streaming-parser-2.4.0.tgz",
      "integrity": "sha512-bDXUcHgeoEXX3uNNO9L9zsx/HEO9X4yxHi14Xfd6yS7kuaXqcUzKB6QaeJFwEoQAJB5v4XoXU/bcOcErWaEPLg==",
      "requires": {
        "@rdfjs/types": "*",
        "@types/http-link-header": "^1.0.1",
        "canonicalize": "^1.0.1",
        "http-link-header": "^1.0.2",
        "jsonld-context-parser": "^2.1.3",
        "jsonparse": "^1.3.1",
        "rdf-data-factory": "^1.1.0"
      }
    },
    "jsonparse": {
      "version": "1.3.1",
      "resolved": "https://registry.npmjs.org/jsonparse/-/jsonparse-1.3.1.tgz",
      "integrity": "sha1-P02uSpH6wxX3EGL4UhzCOfE2YoA="
    },
    "kleur": {
      "version": "4.1.4",
      "resolved": "https://registry.npmjs.org/kleur/-/kleur-4.1.4.tgz",
      "integrity": "sha512-8QADVssbrFjivHWQU7KkMgptGTl6WAcSdlbBPY4uNF+mWr6DGcKrvY2w4FQJoXch7+fKMjj0dRrL75vk3k23OA=="
    },
    "leven": {
      "version": "2.1.0",
      "resolved": "https://registry.npmjs.org/leven/-/leven-2.1.0.tgz",
      "integrity": "sha1-wuep93IJTe6dNCAq6KzORoeHVYA="
    },
    "lodash": {
      "version": "4.17.21",
      "resolved": "https://registry.npmjs.org/lodash/-/lodash-4.17.21.tgz",
      "integrity": "sha512-v2kDEe57lecTulaDIuNTPy3Ry4gLGJ6Z1O3vE1krgXZNrsQ+LFTGHVxVjcXPs17LhbZVGedAJv8XZ1tvj5FvSg=="
    },
    "lodash.uniqwith": {
      "version": "4.5.0",
      "resolved": "https://registry.npmjs.org/lodash.uniqwith/-/lodash.uniqwith-4.5.0.tgz",
      "integrity": "sha1-egy/ZfQ7WShiWp1NDcVLGMrcfvM="
    },
    "long": {
      "version": "4.0.0",
      "resolved": "https://registry.npmjs.org/long/-/long-4.0.0.tgz",
      "integrity": "sha512-XsP+KhQif4bjX1kbuSiySJFNAehNxgLb6hPRGJ9QsUr8ajHkuXGdrHmFUTUUXhDwVX2R5bY4JNZEwbUiMhV+MA=="
    },
    "lru-cache": {
      "version": "6.0.0",
      "resolved": "https://registry.npmjs.org/lru-cache/-/lru-cache-6.0.0.tgz",
      "integrity": "sha512-Jo6dJ04CmSjuznwJSS3pUeWmd/H0ffTlkXXgwZi+eq1UCmqQwCh+eLsYOYCwY991i2Fah4h1BEMCx4qThGbsiA==",
      "requires": {
        "yallist": "^4.0.0"
      }
    },
    "microdata-rdf-streaming-parser": {
      "version": "1.2.0",
      "resolved": "https://registry.npmjs.org/microdata-rdf-streaming-parser/-/microdata-rdf-streaming-parser-1.2.0.tgz",
      "integrity": "sha512-cMLNLEcS0mPaiA9iwq6BnsQK9sx2uBwjpRZIEvMRBNJpbvV58f8AFtPeYzNFh3OPyX9B49NYJ77bB0jNAUCurw==",
      "requires": {
        "@rdfjs/types": "*",
        "htmlparser2": "^6.0.0",
        "rdf-data-factory": "^1.1.0",
        "relative-to-absolute-iri": "^1.0.2"
      },
      "dependencies": {
        "entities": {
          "version": "2.2.0",
          "resolved": "https://registry.npmjs.org/entities/-/entities-2.2.0.tgz",
          "integrity": "sha512-p92if5Nz619I0w+akJrLZH0MX0Pb5DX39XOwQTtXSdQQOaYH03S1uIQp4mhOZtAXrxq4ViO67YTiLBo2638o9A=="
        },
        "htmlparser2": {
          "version": "6.1.0",
          "resolved": "https://registry.npmjs.org/htmlparser2/-/htmlparser2-6.1.0.tgz",
          "integrity": "sha512-gyyPk6rgonLFEDGoeRgQNaEUvdJ4ktTmmUh/h2t7s+M8oPpIPxgNACWa+6ESR57kXstwqPiCut0V8NRpcwgU7A==",
          "requires": {
            "domelementtype": "^2.0.1",
            "domhandler": "^4.0.0",
            "domutils": "^2.5.2",
            "entities": "^2.0.0"
          }
        }
      }
    },
    "minimalistic-assert": {
      "version": "1.0.1",
      "resolved": "https://registry.npmjs.org/minimalistic-assert/-/minimalistic-assert-1.0.1.tgz",
      "integrity": "sha512-UtJcAD4yEaGtjPezWuO9wC4nwUnVH/8/Im3yEHQP4b67cXlD/Qr9hdITCU1xDbSEXg2XKNaP8jsReV7vQd00/A=="
    },
    "minimatch": {
      "version": "3.0.4",
      "resolved": "https://registry.npmjs.org/minimatch/-/minimatch-3.0.4.tgz",
      "integrity": "sha512-yJHVQEhyqPLUTgt9B83PXu6W3rx4MvvHvSUvToogpwoGDOUQ+yDrR0HRot+yOCdCO7u4hX3pWft6kWBBcqh0UA==",
      "requires": {
        "brace-expansion": "^1.1.7"
      }
    },
    "minimist": {
      "version": "1.2.5",
      "resolved": "https://registry.npmjs.org/minimist/-/minimist-1.2.5.tgz",
      "integrity": "sha512-FM9nNUYrRBAELZQT3xeZQ7fmMOBg6nWNmJKTcgsJeaLstP/UODVpGsr5OhXhhXg6f+qtJ8uiZ+PUxkDWcgIXLw=="
    },
    "moleculer": {
      "version": "0.14.18",
      "resolved": "https://registry.npmjs.org/moleculer/-/moleculer-0.14.18.tgz",
      "integrity": "sha512-5+bVT0TC1MfKq3YkOKQxCr9KbdCBmfs+9AZKJBYyO+ewEIiElHZBs3NuFeHLO+wO8ti0qMh2R31r28vEyCI2tA==",
      "requires": {
        "args": "^5.0.1",
        "eventemitter2": "^6.4.5",
        "fastest-validator": "^1.12.0",
        "glob": "^7.2.0",
        "ipaddr.js": "^2.0.1",
        "kleur": "^4.1.4",
        "lodash": "^4.17.21",
        "lru-cache": "^6.0.0",
        "node-fetch": "^2.6.1",
        "recursive-watch": "^1.1.4"
      }
    },
    "mri": {
      "version": "1.1.4",
      "resolved": "https://registry.npmjs.org/mri/-/mri-1.1.4.tgz",
      "integrity": "sha512-6y7IjGPm8AzlvoUrwAaw1tLnUBudaS3752vcd8JtrpGGQn+rXIe63LFVHm/YMwtqAuh+LJPCFdlLYPWM1nYn6w=="
    },
    "n3": {
      "version": "1.11.1",
      "resolved": "https://registry.npmjs.org/n3/-/n3-1.11.1.tgz",
      "integrity": "sha512-yeTeYoatabMs6IMv71dYSIfgf+s+4DpLrnvRv8CKGRLnAt1lfWcnb+mwP67PZKq7Wvh7MCIGXaflayPkn0WzHw==",
      "requires": {
        "queue-microtask": "^1.1.2",
        "readable-stream": "^3.6.0"
      }
    },
    "node-fetch": {
      "version": "2.6.1",
      "resolved": "https://registry.npmjs.org/node-fetch/-/node-fetch-2.6.1.tgz",
      "integrity": "sha512-V4aYg89jEoVRxRb2fJdAg8FHvI7cEyYdVAh94HH0UIK8oJxUfkjlDQN9RbMx+bEjP7+ggMiFRprSti032Oipxw=="
    },
    "once": {
      "version": "1.4.0",
      "resolved": "https://registry.npmjs.org/once/-/once-1.4.0.tgz",
      "integrity": "sha1-WDsap3WWHUsROsF9nFC6753Xa9E=",
      "requires": {
        "wrappy": "1"
      }
    },
    "parse-link-header": {
      "version": "1.0.1",
      "resolved": "https://registry.npmjs.org/parse-link-header/-/parse-link-header-1.0.1.tgz",
      "integrity": "sha1-vt/g0hGK64S+deewJUGeyKYRQKc=",
      "requires": {
        "xtend": "~4.0.1"
      }
    },
    "path-is-absolute": {
      "version": "1.0.1",
      "resolved": "https://registry.npmjs.org/path-is-absolute/-/path-is-absolute-1.0.1.tgz",
      "integrity": "sha1-F0uSaHNVNP+8es5r9TpanhtcX18="
    },
    "promise-polyfill": {
      "version": "1.1.6",
      "resolved": "https://registry.npmjs.org/promise-polyfill/-/promise-polyfill-1.1.6.tgz",
      "integrity": "sha1-zQTv9G9clcOn0EVZHXm14+AfEtc="
    },
    "queue-microtask": {
      "version": "1.2.3",
      "resolved": "https://registry.npmjs.org/queue-microtask/-/queue-microtask-1.2.3.tgz",
      "integrity": "sha512-NuaNSa6flKT5JaSYQzJok04JzTL1CA6aGhv5rfLW3PgqA+M2ChpZQnAC8h8i4ZFkBS8X5RqkDBHA7r4hej3K9A=="
    },
    "rdf-data-factory": {
      "version": "1.1.0",
      "resolved": "https://registry.npmjs.org/rdf-data-factory/-/rdf-data-factory-1.1.0.tgz",
      "integrity": "sha512-g8feOVZ/KL1OK2Pco/jDBDFh4m29QDsOOD+rWloG9qFvIzRFchGy2CviLUX491E0ByewXxMpaq/A3zsWHQA16A==",
      "requires": {
        "@rdfjs/types": "*"
      }
    },
    "rdf-data-model": {
      "version": "1.0.0",
      "resolved": "https://registry.npmjs.org/rdf-data-model/-/rdf-data-model-1.0.0.tgz",
      "integrity": "sha1-52jhws2QTBhkcbINGk/Od8dxKks="
    },
    "rdf-isomorphic": {
      "version": "1.3.0",
      "resolved": "https://registry.npmjs.org/rdf-isomorphic/-/rdf-isomorphic-1.3.0.tgz",
      "integrity": "sha512-3BRwUwCNHHR8//bqmVH+knTFVbVfkp7CWyQk7qPHHA8JriXBYxrab21OomjJx/2KF21w8bWz344mgNYEaQABYQ==",
      "requires": {
        "@rdfjs/types": "*",
        "hash.js": "^1.1.7",
        "rdf-string": "^1.6.0",
        "rdf-terms": "^1.7.0"
      }
    },
    "rdf-js": {
      "version": "4.0.2",
      "resolved": "https://registry.npmjs.org/rdf-js/-/rdf-js-4.0.2.tgz",
      "integrity": "sha512-ApvlFa/WsQh8LpPK/6hctQwG06Z9ztQQGWVtrcrf9L6+sejHNXLPOqL+w7q3hF+iL0C4sv3AX1PUtGkLNzyZ0Q==",
      "requires": {
        "@rdfjs/types": "*"
      }
    },
    "rdf-parse": {
      "version": "1.9.1",
      "resolved": "https://registry.npmjs.org/rdf-parse/-/rdf-parse-1.9.1.tgz",
      "integrity": "sha512-W6ouYE+ufmCNFmXD1iGs5gUZH75jZekh/I5qF8a4Sl37BUc9mY0Jz5A0CV1tiKKhx+I+HYfxyX9VjOljD8rzgQ==",
      "requires": {
        "@comunica/actor-http-native": "~1.22.0",
        "@comunica/actor-rdf-parse-html": "~1.22.0",
        "@comunica/actor-rdf-parse-html-microdata": "~1.22.0",
        "@comunica/actor-rdf-parse-html-rdfa": "~1.22.0",
        "@comunica/actor-rdf-parse-html-script": "~1.22.0",
        "@comunica/actor-rdf-parse-jsonld": "^1.22.0",
        "@comunica/actor-rdf-parse-n3": "~1.22.0",
        "@comunica/actor-rdf-parse-rdfxml": "~1.22.0",
        "@comunica/actor-rdf-parse-xml-rdfa": "~1.22.0",
        "@comunica/bus-http": "~1.22.0",
        "@comunica/bus-init": "~1.22.0",
        "@comunica/bus-rdf-parse": "~1.22.0",
        "@comunica/bus-rdf-parse-html": "~1.22.0",
        "@comunica/core": "~1.22.0",
        "@comunica/mediator-combine-union": "~1.22.0",
        "@comunica/mediator-number": "~1.22.0",
        "@comunica/mediator-race": "~1.22.0",
        "@rdfjs/types": "*",
        "stream-to-string": "^1.2.0"
      }
    },
    "rdf-string": {
      "version": "1.6.0",
      "resolved": "https://registry.npmjs.org/rdf-string/-/rdf-string-1.6.0.tgz",
      "integrity": "sha512-6vQVlEobIHralPtx8V9vtgxA+fwnzZjZv6lRz8dfymILZF6Fl3QJwyRaOAvYaUQc1JMmshGI/wlYlaxin2AldQ==",
      "requires": {
        "@rdfjs/types": "*",
        "rdf-data-factory": "^1.1.0"
      }
    },
    "rdf-terms": {
      "version": "1.7.0",
      "resolved": "https://registry.npmjs.org/rdf-terms/-/rdf-terms-1.7.0.tgz",
      "integrity": "sha512-K83ACD+MuWFS3mNxwCRNYQAmc/Z9iK7PgqJq9N4VP8sUVlP7ioB2pPNQHKHy0IQh4RTkEq6fg4R4q7YlweLBZQ==",
      "requires": {
        "@rdfjs/types": "*",
        "lodash.uniqwith": "^4.5.0",
        "rdf-data-factory": "^1.1.0"
      }
    },
    "rdfa-streaming-parser": {
      "version": "1.5.0",
      "resolved": "https://registry.npmjs.org/rdfa-streaming-parser/-/rdfa-streaming-parser-1.5.0.tgz",
      "integrity": "sha512-A+Kl0vbRQKK3SqgWdCiR48Hi75LK6z6glPdGcbLXMw6qMRcLeIKe4p6yFkPXpbwtegmOa94uaxeLs5HMdo66AQ==",
      "requires": {
        "@rdfjs/types": "*",
        "htmlparser2": "^6.0.0",
        "rdf-data-factory": "^1.1.0",
        "relative-to-absolute-iri": "^1.0.2"
      },
      "dependencies": {
        "entities": {
          "version": "2.2.0",
          "resolved": "https://registry.npmjs.org/entities/-/entities-2.2.0.tgz",
          "integrity": "sha512-p92if5Nz619I0w+akJrLZH0MX0Pb5DX39XOwQTtXSdQQOaYH03S1uIQp4mhOZtAXrxq4ViO67YTiLBo2638o9A=="
        },
        "htmlparser2": {
          "version": "6.1.0",
          "resolved": "https://registry.npmjs.org/htmlparser2/-/htmlparser2-6.1.0.tgz",
          "integrity": "sha512-gyyPk6rgonLFEDGoeRgQNaEUvdJ4ktTmmUh/h2t7s+M8oPpIPxgNACWa+6ESR57kXstwqPiCut0V8NRpcwgU7A==",
          "requires": {
            "domelementtype": "^2.0.1",
            "domhandler": "^4.0.0",
            "domutils": "^2.5.2",
            "entities": "^2.0.0"
          }
        }
      }
    },
    "rdfxml-streaming-parser": {
      "version": "1.5.0",
      "resolved": "https://registry.npmjs.org/rdfxml-streaming-parser/-/rdfxml-streaming-parser-1.5.0.tgz",
      "integrity": "sha512-pnt+7NgeqCMd2/rub+dqxzYJhZwJjBNU2BRwyYdCTmRZu2fr795jCPJB6Io5pjPzAt29ASqy+ODBSRMDKoKGbQ==",
      "requires": {
        "@rdfjs/types": "*",
        "rdf-data-factory": "^1.1.0",
        "relative-to-absolute-iri": "^1.0.0",
        "sax": "^1.2.4"
      }
    },
    "readable-stream": {
      "version": "3.6.0",
      "resolved": "https://registry.npmjs.org/readable-stream/-/readable-stream-3.6.0.tgz",
      "integrity": "sha512-BViHy7LKeTz4oNnkcLJ+lVSL6vpiFeX6/d3oSH8zCW7UxP2onchk+vTGB143xuFjHS3deTgkKoXXymXqymiIdA==",
      "requires": {
        "inherits": "^2.0.3",
        "string_decoder": "^1.1.1",
        "util-deprecate": "^1.0.1"
      }
    },
    "readable-stream-node-to-web": {
      "version": "1.0.1",
      "resolved": "https://registry.npmjs.org/readable-stream-node-to-web/-/readable-stream-node-to-web-1.0.1.tgz",
      "integrity": "sha1-i3YU+qFGXr+g2pucpjA/onBzt88="
    },
    "recursive-watch": {
      "version": "1.1.4",
      "resolved": "https://registry.npmjs.org/recursive-watch/-/recursive-watch-1.1.4.tgz",
      "integrity": "sha512-fWejAmdLi7B/jipBUjTLnqId+PK+573fbGNbdaNA/AiAnQAx6OYOLCGWRs0W5+PyM1rLzZSWK2f40QpHSR49PQ==",
      "requires": {
        "ttl": "^1.3.0"
      }
    },
    "relative-to-absolute-iri": {
      "version": "1.0.6",
      "resolved": "https://registry.npmjs.org/relative-to-absolute-iri/-/relative-to-absolute-iri-1.0.6.tgz",
      "integrity": "sha512-Xw5/Zx6iWSCMJUXwXVOjySjH8Xli4hVFL9QQFvkl1qEmFBG94J+QUI9emnoctOCD3285f1jNV+QWV9eDYwIdfQ=="
    },
    "safe-buffer": {
      "version": "5.2.1",
      "resolved": "https://registry.npmjs.org/safe-buffer/-/safe-buffer-5.2.1.tgz",
      "integrity": "sha512-rp3So07KcdmmKbGvgaNxQSJr7bGVSVk5S9Eq1F+ppbRo70+YeaDxkw5Dd8NPN+GD6bjnYm2VuPuCXmpuYvmCXQ=="
    },
    "sax": {
      "version": "1.2.4",
      "resolved": "https://registry.npmjs.org/sax/-/sax-1.2.4.tgz",
      "integrity": "sha512-NqVDv9TpANUjFm0N8uM5GxL36UgKi9/atZw+x7YFnQ8ckwFGKrl4xX4yWtrey3UJm5nP1kUbnYgLopqWNSRhWw=="
    },
    "sparqlalgebrajs": {
      "version": "3.0.3",
      "resolved": "https://registry.npmjs.org/sparqlalgebrajs/-/sparqlalgebrajs-3.0.3.tgz",
      "integrity": "sha512-XFNhsO55bprayrM35h/jY0kzzuGc3oZ1On3kc+s7Un0BFQBXa046aLcMZFp4MYSvn7GtMe9eZ08ONFnBH5kEsQ==",
      "requires": {
        "@rdfjs/types": "*",
        "@types/sparqljs": "^3.1.2",
        "fast-deep-equal": "^3.1.3",
        "minimist": "^1.2.5",
        "rdf-data-factory": "^1.1.0",
        "rdf-isomorphic": "^1.3.0",
        "rdf-string": "^1.6.0",
        "sparqljs": "^3.4.2"
      }
    },
    "sparqljs": {
      "version": "3.4.3",
      "resolved": "https://registry.npmjs.org/sparqljs/-/sparqljs-3.4.3.tgz",
      "integrity": "sha512-VPMnvPjnU+P3xVbEfysxhpRqdIfCfKIcuOClp5j0g1dFt/1Bmp8l5BeBZv1uqIRuUey97q37Qxq13QBLePXBtg==",
      "requires": {
        "rdf-data-factory": "^1.0.4"
      }
    },
    "speakingurl": {
      "version": "14.0.1",
      "resolved": "https://registry.npmjs.org/speakingurl/-/speakingurl-14.0.1.tgz",
      "integrity": "sha512-1POYv7uv2gXoyGFpBCmpDVSNV74IfsWlDW216UPjbWufNf+bSU6GdbDsxdcxtfwb4xlI3yxzOTKClUosxARYrQ=="
    },
    "stream-to-string": {
      "version": "1.2.0",
      "resolved": "https://registry.npmjs.org/stream-to-string/-/stream-to-string-1.2.0.tgz",
      "integrity": "sha512-8drZlFIKBHSMdX9GCWv8V9AAWnQcTqw0iAI6/GC7UJ0H0SwKeFKjOoZfGY1tOU00GGU7FYZQoJ/ZCUEoXhD7yQ==",
      "requires": {
        "promise-polyfill": "^1.1.6"
      }
    },
    "streamify-string": {
      "version": "1.0.1",
      "resolved": "https://registry.npmjs.org/streamify-string/-/streamify-string-1.0.1.tgz",
      "integrity": "sha1-niIN4z4cR13TDgIG9bGBXMbJUls="
    },
    "string_decoder": {
      "version": "1.3.0",
      "resolved": "https://registry.npmjs.org/string_decoder/-/string_decoder-1.3.0.tgz",
      "integrity": "sha512-hkRX8U1WjJFd8LsDJ2yQ/wWWxaopEsABU1XfkM8A+j0+85JAGppt16cr1Whg6KIbb4okU6Mql6BOj+uup/wKeA==",
      "requires": {
        "safe-buffer": "~5.2.0"
      }
    },
    "supports-color": {
      "version": "5.5.0",
      "resolved": "https://registry.npmjs.org/supports-color/-/supports-color-5.5.0.tgz",
      "integrity": "sha512-QjVjwdXIt408MIiAqCX4oUKsgU2EqAGzs2Ppkm4aQYbjm+ZEWEcW4SfFNTr4uMNZma0ey4f5lgLrkB0aX0QMow==",
      "requires": {
        "has-flag": "^3.0.0"
      }
    },
    "ttl": {
      "version": "1.3.1",
      "resolved": "https://registry.npmjs.org/ttl/-/ttl-1.3.1.tgz",
      "integrity": "sha512-+bGy9iDAqg3WSfc2ZrprToSPJhZjqy7vUv9wupQzsiv+BVPVx1T2a6G4T0290SpQj+56Toaw9BiLO5j5Bd7QzA=="
    },
    "url-join": {
      "version": "4.0.1",
      "resolved": "https://registry.npmjs.org/url-join/-/url-join-4.0.1.tgz",
      "integrity": "sha512-jk1+QP6ZJqyOiuEI9AEWQfju/nB2Pw466kbA0LEZljHwKeMgd9WrAEgEGxjPDD2+TNbbb37rTyhEfrCXfuKXnA=="
    },
    "util-deprecate": {
      "version": "1.0.2",
      "resolved": "https://registry.npmjs.org/util-deprecate/-/util-deprecate-1.0.2.tgz",
      "integrity": "sha1-RQ1Nyfpw3nMnYvvS1KKJgUGaDM8="
    },
    "web-streams-node": {
      "version": "0.4.0",
      "resolved": "https://registry.npmjs.org/web-streams-node/-/web-streams-node-0.4.0.tgz",
      "integrity": "sha512-u+PBQs8DFaBrN/bxCLFn21tO/ZP7EM3qA4FGzppoUCcZ5CaMbKOsN8uOp27ylVEsfrxcR2tsF6gWHI5M8bN73w==",
      "requires": {
        "is-stream": "^1.1.0",
        "readable-stream-node-to-web": "^1.0.1",
        "web-streams-ponyfill": "^1.4.1"
      },
      "dependencies": {
        "is-stream": {
          "version": "1.1.0",
          "resolved": "https://registry.npmjs.org/is-stream/-/is-stream-1.1.0.tgz",
          "integrity": "sha1-EtSj3U5o4Lec6428hBc66A2RykQ="
        }
      }
    },
    "web-streams-ponyfill": {
      "version": "1.4.2",
      "resolved": "https://registry.npmjs.org/web-streams-ponyfill/-/web-streams-ponyfill-1.4.2.tgz",
      "integrity": "sha512-LCHW+fE2UBJ2vjhqJujqmoxh1ytEDEr0dPO3CabMdMDJPKmsaxzS90V1Ar6LtNE5VHLqxR4YMEj1i4lzMAccIA=="
    },
    "wrappy": {
      "version": "1.0.2",
      "resolved": "https://registry.npmjs.org/wrappy/-/wrappy-1.0.2.tgz",
      "integrity": "sha1-tSQ9jz7BqjXxNkYFvA0QNuMKtp8="
    },
    "xtend": {
      "version": "4.0.2",
      "resolved": "https://registry.npmjs.org/xtend/-/xtend-4.0.2.tgz",
      "integrity": "sha512-LKYU1iAXJXUgAXn9URjiu+MWhyUXHsvfp7mcuYm9dSUKK0/CjtrUwFAxD82/mCWbtLsGjFIad0wIsod4zrTAEQ=="
    },
    "yallist": {
      "version": "4.0.0",
      "resolved": "https://registry.npmjs.org/yallist/-/yallist-4.0.0.tgz",
      "integrity": "sha512-3wdGidZyq5PB084XLES5TpOSRA3wjXAlIWMhum2kRcv/41Sn2emQ0dycQW4uZXLejwKvg6EsvbdlVL+FYEct7A=="
    }
  }
}
