{
	"name": "@semapps/ldp",
	"version": "0.1.24",
	"lockfileVersion": 1,
	"requires": true,
	"dependencies": {
		"@comunica/actor-abstract-mediatyped": {
			"version": "1.17.0",
			"resolved": "https://registry.npmjs.org/@comunica/actor-abstract-mediatyped/-/actor-abstract-mediatyped-1.17.0.tgz",
			"integrity": "sha512-IojYI3lYqOSf5aXHpVtiWh76+meuS730slmmyYB3AMi30vlxkUu8yQdrNQCywZBDmjBWeMueTLSRhRhpmHmTHg=="
		},
		"@comunica/actor-http-native": {
			"version": "1.16.2",
			"resolved": "https://registry.npmjs.org/@comunica/actor-http-native/-/actor-http-native-1.16.2.tgz",
			"integrity": "sha512-KhmYTKOmf4QZwd8CVy4f4o6d/LVzBy19JmpOIP1vLcOTAVOXg6KXDT+NEVSoDIc9T5fpKDh91bWuukptUqVjig==",
			"requires": {
				"@types/parse-link-header": "^1.0.0",
				"cross-fetch": "^3.0.5",
				"follow-redirects": "^1.5.1",
				"parse-link-header": "^1.0.1"
			}
		},
		"@comunica/actor-rdf-parse-html": {
			"version": "1.15.0",
			"resolved": "https://registry.npmjs.org/@comunica/actor-rdf-parse-html/-/actor-rdf-parse-html-1.15.0.tgz",
			"integrity": "sha512-eC43jtLqY3wfA6aRim83l+3NfoMQCZv/lPP2MvqxY04/Rk77DdqKtKS2GfYrIBc8aqDOoreVgiBQG5TzPzm5Ew==",
			"requires": {
				"@types/rdf-js": "^3.0.0",
				"htmlparser2": "^4.0.0"
			}
		},
		"@comunica/actor-rdf-parse-html-rdfa": {
			"version": "1.15.0",
			"resolved": "https://registry.npmjs.org/@comunica/actor-rdf-parse-html-rdfa/-/actor-rdf-parse-html-rdfa-1.15.0.tgz",
			"integrity": "sha512-1rA7YCjY1v7/1oRKzthVw633HZmHux96SQW5j+FIJTvX4GoBvf1seS082HY7WQGRpZVgLxOUxtAOQcp7zT4dHA==",
			"requires": {
				"rdfa-streaming-parser": "^1.1.1"
			}
		},
		"@comunica/actor-rdf-parse-html-script": {
			"version": "1.16.1",
			"resolved": "https://registry.npmjs.org/@comunica/actor-rdf-parse-html-script/-/actor-rdf-parse-html-script-1.16.1.tgz",
			"integrity": "sha512-IYagk0RzIQEzj/78KvoICDgOiPnwvj44S/PH2ha++o9Se0FgTxRjHrWTluETiczOcvrV54TeVh0YDYJck+xz/w==",
			"requires": {
				"@types/rdf-js": "^3.0.0",
				"relative-to-absolute-iri": "^1.0.5"
			}
		},
		"@comunica/actor-rdf-parse-jsonld": {
			"version": "1.16.0",
			"resolved": "https://registry.npmjs.org/@comunica/actor-rdf-parse-jsonld/-/actor-rdf-parse-jsonld-1.16.0.tgz",
			"integrity": "sha512-LtAIv75bhHe2teN0vjWZ6EkjwnK6Yw56Q1ZuxgrWZLGrbdRF6YZuXglW+IqWeZ45tIUqhweS83k17/9fR3UK5w==",
			"requires": {
				"@types/rdf-js": "^3.0.0",
				"jsonld-streaming-parser": "^2.0.2",
				"stream-to-string": "^1.2.0"
			}
		},
		"@comunica/actor-rdf-parse-n3": {
			"version": "1.15.0",
			"resolved": "https://registry.npmjs.org/@comunica/actor-rdf-parse-n3/-/actor-rdf-parse-n3-1.15.0.tgz",
			"integrity": "sha512-YWk7XSDN8GDOFL+u5PtadZmIUzAh5ZUYB/LwXLENeymIgWEaSvJo5H4QqdGmnJFArlgXX2Thk8jTvbtubiNTvw==",
			"requires": {
				"@types/n3": "^1.4.2",
				"n3": "^1.0.0"
			}
		},
		"@comunica/actor-rdf-parse-rdfxml": {
			"version": "1.15.0",
			"resolved": "https://registry.npmjs.org/@comunica/actor-rdf-parse-rdfxml/-/actor-rdf-parse-rdfxml-1.15.0.tgz",
			"integrity": "sha512-Rec0dnaTW95Mx91cfQPBkDkgEhoFd9J36FtiJAotLFPOiXp4YsTEZGQNSODTbhchfaTS6HDTFnETQ6GbmutaCQ==",
			"requires": {
				"rdfxml-streaming-parser": "^1.1.0"
			}
		},
		"@comunica/actor-rdf-parse-xml-rdfa": {
			"version": "1.15.0",
			"resolved": "https://registry.npmjs.org/@comunica/actor-rdf-parse-xml-rdfa/-/actor-rdf-parse-xml-rdfa-1.15.0.tgz",
			"integrity": "sha512-34CI/f/JQTEfrnxyqB7Y+EhkhW0tTMsHoC8yu+Y6AtSVdj2FYkSR+GmAk9F65JVnm/RC9uh1T7yT5yJMVvmgiQ==",
			"requires": {
				"rdfa-streaming-parser": "^1.1.1"
			}
		},
		"@comunica/bus-http": {
			"version": "1.16.0",
			"resolved": "https://registry.npmjs.org/@comunica/bus-http/-/bus-http-1.16.0.tgz",
			"integrity": "sha512-3fWJA3Yh7Wj4clabg141FgAH+m8/InZ+BVPr7BqhO+7Jg0tXbvGDfai8N0SXWL7rCMkWjlPYkBHkzpQ8Dk0HAg==",
			"requires": {
				"is-stream": "^2.0.0",
				"web-streams-node": "^0.4.0"
			}
		},
		"@comunica/bus-init": {
			"version": "1.15.0",
			"resolved": "https://registry.npmjs.org/@comunica/bus-init/-/bus-init-1.15.0.tgz",
			"integrity": "sha512-HwVTEznx2H7GvcfQAREz52QF8xXT1AqxkJDnI9vTeGvLpWrM+LVOAJZxBcYFFK3X3bEhTsPfDVzikziMGqZuZw=="
		},
		"@comunica/bus-rdf-parse": {
			"version": "1.15.0",
			"resolved": "https://registry.npmjs.org/@comunica/bus-rdf-parse/-/bus-rdf-parse-1.15.0.tgz",
			"integrity": "sha512-6cGGUBgorkJ6hr5U235qSrlK1m7rPpIM8W6o9kbRAw149AKap1XFF3OXpAYqat2eB4Cbs1J2PP9wg1/s/uOsww==",
			"requires": {
				"@comunica/actor-abstract-mediatyped": "^1.15.0",
				"@types/rdf-js": "^3.0.0"
			}
		},
		"@comunica/bus-rdf-parse-html": {
			"version": "1.15.0",
			"resolved": "https://registry.npmjs.org/@comunica/bus-rdf-parse-html/-/bus-rdf-parse-html-1.15.0.tgz",
			"integrity": "sha512-7F/kDrNf9X//IrO/CK4LpwM5f+mFHLa/wsPc2RubyhiFN3P3KWU6NWxjDJRT9yP85EmW4KknXWwF8AOTvbKF1A==",
			"requires": {
				"@types/rdf-js": "^3.0.0"
			}
		},
		"@comunica/core": {
			"version": "1.15.0",
			"resolved": "https://registry.npmjs.org/@comunica/core/-/core-1.15.0.tgz",
			"integrity": "sha512-Mg/fpufyK4hVKX2vgP8oapu4ZpyugNRxyI/1AX7zlhSkYpE+ldK5YQaGG/sb+fq+s2sAtE1Ocd+thCgF4wv+8w==",
			"requires": {
				"immutable": "^3.8.2"
			}
		},
		"@comunica/mediator-combine-union": {
			"version": "1.15.0",
			"resolved": "https://registry.npmjs.org/@comunica/mediator-combine-union/-/mediator-combine-union-1.15.0.tgz",
			"integrity": "sha512-TPzfXuKRVBEpjb+/S8v2C8uvgi8BTjtg1htL/qY/xI2fYqRcLZGl+D5MZEESmwpmm19cBfg87CbF+ROn6L3+IQ=="
		},
		"@comunica/mediator-number": {
			"version": "1.15.0",
			"resolved": "https://registry.npmjs.org/@comunica/mediator-number/-/mediator-number-1.15.0.tgz",
			"integrity": "sha512-d1jwHVN6rELFzEPb+CDqEjItAJ4/AqiP1Vp+Z/PBucLjM9EEonQMjQzqrkRV/Oy6cBXfSQDhXuSvftfl/zUCjg=="
		},
		"@comunica/mediator-race": {
			"version": "1.15.0",
			"resolved": "https://registry.npmjs.org/@comunica/mediator-race/-/mediator-race-1.15.0.tgz",
			"integrity": "sha512-MVESJnkgSoPaCkNNN8RDm0B06d0JNL4QOvRZFuFETY4/D+OwIpcEf0EGButQsDUlelAk5n/sFssLMqo2tw65SA=="
		},
		"@types/http-link-header": {
			"version": "1.0.1",
			"resolved": "https://registry.npmjs.org/@types/http-link-header/-/http-link-header-1.0.1.tgz",
			"integrity": "sha512-5h+Pqs4EHoMkY/fLva7XsYmh9IVQghQ6uWWil1FGCNI0WqjhI4g20doYsbT4kJ/G3GkAlQca4AIc9OexdUnzkg=="
		},
		"@types/n3": {
			"version": "1.4.4",
			"resolved": "https://registry.npmjs.org/@types/n3/-/n3-1.4.4.tgz",
			"integrity": "sha512-xsWfwyDh0uAH0CXvwqe9vb2UEDafMjRez/pB7yZwbWpd9Olw2wdxaL32FtdHjmmFE6b9i+j249JfRyZnvWkoqg==",
			"requires": {
				"@types/node": "*",
				"@types/rdf-js": "*"
			}
		},
		"@types/node": {
			"version": "14.11.8",
			"resolved": "https://registry.npmjs.org/@types/node/-/node-14.11.8.tgz",
			"integrity": "sha512-KPcKqKm5UKDkaYPTuXSx8wEP7vE9GnuaXIZKijwRYcePpZFDVuy2a57LarFKiORbHOuTOOwYzxVxcUzsh2P2Pw=="
		},
		"@types/parse-link-header": {
			"version": "1.0.0",
			"resolved": "https://registry.npmjs.org/@types/parse-link-header/-/parse-link-header-1.0.0.tgz",
			"integrity": "sha512-fCA3btjE7QFeRLfcD0Sjg+6/CnmC66HpMBoRfRzd2raTaWMJV21CCZ0LO8MOqf8onl5n0EPfjq4zDhbyX8SVwA=="
		},
		"@types/rdf-js": {
			"version": "3.0.3",
			"resolved": "https://registry.npmjs.org/@types/rdf-js/-/rdf-js-3.0.3.tgz",
			"integrity": "sha512-1dvodNHh/YpLovHA/b046Nu+xERVt0KcYJFQH1A8S4ZcMj+stYtx4ypXw0X2/oatbREUo4JW+cjoBll3CVtwSQ==",
			"requires": {
				"@types/node": "*"
			}
		},
		"ajv": {
			"version": "6.12.6",
			"resolved": "https://registry.npmjs.org/ajv/-/ajv-6.12.6.tgz",
			"integrity": "sha512-j3fVLgvTo527anyYyJOGTYJbG+vnnQYvE0m5mmkc1TK+nxAppkCLMIL0aZ4dblVCNoGShhm+kzE4ZUykBoMg4g==",
			"requires": {
				"fast-deep-equal": "^3.1.1",
				"fast-json-stable-stringify": "^2.0.0",
				"json-schema-traverse": "^0.4.1",
				"uri-js": "^4.2.2"
			}
		},
		"ansi-styles": {
			"version": "3.2.1",
			"resolved": "https://registry.npmjs.org/ansi-styles/-/ansi-styles-3.2.1.tgz",
			"integrity": "sha512-VT0ZI6kZRdTh8YyJw3SMbYm/u+NqfsAxEpWO0Pf9sq8/e94WxxOpPKx9FR1FlyCtOVDNOQ+8ntlqFxiRc+r5qA==",
			"requires": {
				"color-convert": "^1.9.0"
			}
		},
		"args": {
			"version": "5.0.1",
			"resolved": "https://registry.npmjs.org/args/-/args-5.0.1.tgz",
			"integrity": "sha512-1kqmFCFsPffavQFGt8OxJdIcETti99kySRUPMpOhaGjL6mRJn8HFU1OxKY5bMqfZKUwTQc1mZkAjmGYaVOHFtQ==",
			"requires": {
				"camelcase": "5.0.0",
				"chalk": "2.4.2",
				"leven": "2.1.0",
				"mri": "1.1.4"
			}
		},
		"asn1": {
			"version": "0.2.4",
			"resolved": "https://registry.npmjs.org/asn1/-/asn1-0.2.4.tgz",
			"integrity": "sha512-jxwzQpLQjSmWXgwaCZE9Nz+glAG01yF1QnWgbhGwHI5A6FRIEY6IVqtHhIepHqI7/kyEyQEagBC5mBEFlIYvdg==",
			"requires": {
				"safer-buffer": "~2.1.0"
			}
		},
		"assert-plus": {
			"version": "1.0.0",
			"resolved": "https://registry.npmjs.org/assert-plus/-/assert-plus-1.0.0.tgz",
			"integrity": "sha1-8S4PPF13sLHN2RRpQuTpbB5N1SU="
		},
		"asynckit": {
			"version": "0.4.0",
			"resolved": "https://registry.npmjs.org/asynckit/-/asynckit-0.4.0.tgz",
			"integrity": "sha1-x57Zf380y48robyXkLzDZkdLS3k="
		},
		"aws-sign2": {
			"version": "0.7.0",
			"resolved": "https://registry.npmjs.org/aws-sign2/-/aws-sign2-0.7.0.tgz",
			"integrity": "sha1-tG6JCTSpWR8tL2+G1+ap8bP+dqg="
		},
		"aws4": {
			"version": "1.10.1",
			"resolved": "https://registry.npmjs.org/aws4/-/aws4-1.10.1.tgz",
			"integrity": "sha512-zg7Hz2k5lI8kb7U32998pRRFin7zJlkfezGJjUc2heaD4Pw2wObakCDVzkKztTm/Ln7eiVvYsjqak0Ed4LkMDA=="
		},
		"balanced-match": {
			"version": "1.0.0",
			"resolved": "https://registry.npmjs.org/balanced-match/-/balanced-match-1.0.0.tgz",
			"integrity": "sha1-ibTRmasr7kneFk6gK4nORi1xt2c="
		},
		"base64-js": {
			"version": "1.3.1",
			"resolved": "https://registry.npmjs.org/base64-js/-/base64-js-1.3.1.tgz",
			"integrity": "sha512-mLQ4i2QO1ytvGWFWmcngKO//JXAQueZvwEKtjgQFM4jIK0kU+ytMfplL8j+n5mspOfjHwoAg+9yhb7BwAHm36g=="
		},
		"bcrypt-pbkdf": {
			"version": "1.0.2",
			"resolved": "https://registry.npmjs.org/bcrypt-pbkdf/-/bcrypt-pbkdf-1.0.2.tgz",
			"integrity": "sha1-pDAdOJtqQ/m2f/PKEaP2Y342Dp4=",
			"requires": {
				"tweetnacl": "^0.14.3"
			}
		},
		"brace-expansion": {
			"version": "1.1.11",
			"resolved": "https://registry.npmjs.org/brace-expansion/-/brace-expansion-1.1.11.tgz",
			"integrity": "sha512-iCuPHDFgrHX7H2vEI/5xpz07zSHB00TpugqhmYtVmMO6518mCuRMoOYFldEBl0g187ufozdaHgWKcYFb61qGiA==",
			"requires": {
				"balanced-match": "^1.0.0",
				"concat-map": "0.0.1"
			}
		},
		"bson": {
			"version": "4.1.0",
			"resolved": "https://registry.npmjs.org/bson/-/bson-4.1.0.tgz",
			"integrity": "sha512-xwNzRRsK2xmHvHuPESi0zVfgsm4edO47WdulNaShTriunNUMRDOAlKwpJc8zpkOXczIzbxUD7kFzhUGVYoZLDw==",
			"requires": {
				"buffer": "^5.1.0",
				"long": "^4.0.0"
			}
		},
		"buffer": {
			"version": "5.6.0",
			"resolved": "https://registry.npmjs.org/buffer/-/buffer-5.6.0.tgz",
			"integrity": "sha512-/gDYp/UtU0eA1ys8bOs9J6a+E/KWIY+DZ+Q2WESNUA0jFRsJOc0SNUO6xJ5SGA1xueg3NL65W6s+NY5l9cunuw==",
			"requires": {
				"base64-js": "^1.0.2",
				"ieee754": "^1.1.4"
			}
		},
		"camelcase": {
			"version": "5.0.0",
			"resolved": "https://registry.npmjs.org/camelcase/-/camelcase-5.0.0.tgz",
			"integrity": "sha512-faqwZqnWxbxn+F1d399ygeamQNy3lPp/H9H6rNrqYh4FSVCtcY+3cub1MxA8o9mDd55mM8Aghuu/kuyYA6VTsA=="
		},
		"canonicalize": {
			"version": "1.0.3",
			"resolved": "https://registry.npmjs.org/canonicalize/-/canonicalize-1.0.3.tgz",
			"integrity": "sha512-QWAGweNicWIXzcl7skvUZQ/ArdecS8fOeudnjIU0LYqSdTOSBSap+0VPMas4u11cW3a9sN5AN/aJHQUGfdWLCw=="
		},
		"caseless": {
			"version": "0.12.0",
			"resolved": "https://registry.npmjs.org/caseless/-/caseless-0.12.0.tgz",
			"integrity": "sha1-G2gcIf+EAzyCZUMJBolCDRhxUdw="
		},
		"chalk": {
			"version": "2.4.2",
			"resolved": "https://registry.npmjs.org/chalk/-/chalk-2.4.2.tgz",
			"integrity": "sha512-Mti+f9lpJNcwF4tWV8/OrTTtF1gZi+f8FqlyAdouralcFWFQWF2+NgCHShjkCb+IFBLq9buZwE1xckQU4peSuQ==",
			"requires": {
				"ansi-styles": "^3.2.1",
				"escape-string-regexp": "^1.0.5",
				"supports-color": "^5.3.0"
			}
		},
		"color-convert": {
			"version": "1.9.3",
			"resolved": "https://registry.npmjs.org/color-convert/-/color-convert-1.9.3.tgz",
			"integrity": "sha512-QfAUtd+vFdAtFQcC8CCyYt1fYWxSqAiK2cSD6zDB8N3cpsEBAvRxp9zOGg6G/SHHJYAT88/az/IuDGALsNVbGg==",
			"requires": {
				"color-name": "1.1.3"
			}
		},
		"color-name": {
			"version": "1.1.3",
			"resolved": "https://registry.npmjs.org/color-name/-/color-name-1.1.3.tgz",
			"integrity": "sha1-p9BVi9icQveV3UIyj3QIMcpTvCU="
		},
		"combined-stream": {
			"version": "1.0.8",
			"resolved": "https://registry.npmjs.org/combined-stream/-/combined-stream-1.0.8.tgz",
			"integrity": "sha512-FQN4MRfuJeHf7cBbBMJFXhKSDq+2kAArBlmRBvcvFE5BB1HZKXtSFASDhdlz9zOYwxh8lDdnvmMOe/+5cdoEdg==",
			"requires": {
				"delayed-stream": "~1.0.0"
			}
		},
		"concat-map": {
			"version": "0.0.1",
			"resolved": "https://registry.npmjs.org/concat-map/-/concat-map-0.0.1.tgz",
			"integrity": "sha1-2Klr13/Wjfd5OnMDajug1UBdR3s="
		},
		"core-util-is": {
			"version": "1.0.2",
			"resolved": "https://registry.npmjs.org/core-util-is/-/core-util-is-1.0.2.tgz",
			"integrity": "sha1-tf1UIgqivFq1eqtxQMlAdUUDwac="
		},
		"cross-fetch": {
			"version": "3.0.6",
			"resolved": "https://registry.npmjs.org/cross-fetch/-/cross-fetch-3.0.6.tgz",
			"integrity": "sha512-KBPUbqgFjzWlVcURG+Svp9TlhA5uliYtiNx/0r8nv0pdypeQCRJ9IaSIc3q/x3q8t3F75cHuwxVql1HFGHCNJQ==",
			"requires": {
				"node-fetch": "2.6.1"
			}
		},
		"dashdash": {
			"version": "1.14.1",
			"resolved": "https://registry.npmjs.org/dashdash/-/dashdash-1.14.1.tgz",
			"integrity": "sha1-hTz6D3y+L+1d4gMmuN1YEDX24vA=",
			"requires": {
				"assert-plus": "^1.0.0"
			}
		},
		"delayed-stream": {
			"version": "1.0.0",
			"resolved": "https://registry.npmjs.org/delayed-stream/-/delayed-stream-1.0.0.tgz",
			"integrity": "sha1-3zrhmayt+31ECqrgsp4icrJOxhk="
		},
		"dom-serializer": {
			"version": "1.1.0",
			"resolved": "https://registry.npmjs.org/dom-serializer/-/dom-serializer-1.1.0.tgz",
			"integrity": "sha512-ox7bvGXt2n+uLWtCRLybYx60IrOlWL/aCebWJk1T0d4m3y2tzf4U3ij9wBMUb6YJZpz06HCCYuyCDveE2xXmzQ==",
			"requires": {
				"domelementtype": "^2.0.1",
				"domhandler": "^3.0.0",
				"entities": "^2.0.0"
			}
		},
		"domelementtype": {
			"version": "2.0.2",
			"resolved": "https://registry.npmjs.org/domelementtype/-/domelementtype-2.0.2.tgz",
			"integrity": "sha512-wFwTwCVebUrMgGeAwRL/NhZtHAUyT9n9yg4IMDwf10+6iCMxSkVq9MGCVEH+QZWo1nNidy8kNvwmv4zWHDTqvA=="
		},
		"domhandler": {
			"version": "3.3.0",
			"resolved": "https://registry.npmjs.org/domhandler/-/domhandler-3.3.0.tgz",
			"integrity": "sha512-J1C5rIANUbuYK+FuFL98650rihynUOEzRLxW+90bKZRWB6A1X1Tf82GxR1qAWLyfNPRvjqfip3Q5tdYlmAa9lA==",
			"requires": {
				"domelementtype": "^2.0.1"
			}
		},
		"domutils": {
			"version": "2.4.2",
			"resolved": "https://registry.npmjs.org/domutils/-/domutils-2.4.2.tgz",
			"integrity": "sha512-NKbgaM8ZJOecTZsIzW5gSuplsX2IWW2mIK7xVr8hTQF2v1CJWTmLZ1HOCh5sH+IzVPAGE5IucooOkvwBRAdowA==",
			"requires": {
				"dom-serializer": "^1.0.1",
				"domelementtype": "^2.0.1",
				"domhandler": "^3.3.0"
			}
		},
		"ecc-jsbn": {
			"version": "0.1.2",
			"resolved": "https://registry.npmjs.org/ecc-jsbn/-/ecc-jsbn-0.1.2.tgz",
			"integrity": "sha1-OoOpBOVDUyh4dMVkt1SThoSamMk=",
			"requires": {
				"jsbn": "~0.1.0",
				"safer-buffer": "^2.1.0"
			}
		},
		"entities": {
			"version": "2.0.3",
			"resolved": "https://registry.npmjs.org/entities/-/entities-2.0.3.tgz",
			"integrity": "sha512-MyoZ0jgnLvB2X3Lg5HqpFmn1kybDiIfEQmKzTb5apr51Rb+T3KdmMiqa70T+bhGnyv7bQ6WMj2QMHpGMmlrUYQ=="
		},
		"es6-error": {
			"version": "4.1.1",
			"resolved": "https://registry.npmjs.org/es6-error/-/es6-error-4.1.1.tgz",
			"integrity": "sha512-Um/+FxMr9CISWh0bi5Zv0iOD+4cFh5qLeks1qhAopKVAJw3drgKbKySikp7wGhDL0HPeaja0P5ULZrxLkniUVg=="
		},
		"escape-string-regexp": {
			"version": "1.0.5",
			"resolved": "https://registry.npmjs.org/escape-string-regexp/-/escape-string-regexp-1.0.5.tgz",
			"integrity": "sha1-G2HAViGQqN/2rjuyzwIAyhMLhtQ="
		},
		"eventemitter2": {
			"version": "6.4.3",
			"resolved": "https://registry.npmjs.org/eventemitter2/-/eventemitter2-6.4.3.tgz",
			"integrity": "sha512-t0A2msp6BzOf+QAcI6z9XMktLj52OjGQg+8SJH6v5+3uxNpWYRR3wQmfA+6xtMU9kOC59qk9licus5dYcrYkMQ=="
		},
		"extend": {
			"version": "3.0.2",
			"resolved": "https://registry.npmjs.org/extend/-/extend-3.0.2.tgz",
			"integrity": "sha512-fjquC59cD7CyW6urNXK0FBufkZcoiGG80wTuPujX590cB5Ttln20E2UB4S/WARVqhXffZl2LNgS+gQdPIIim/g=="
		},
		"extsprintf": {
			"version": "1.3.0",
			"resolved": "https://registry.npmjs.org/extsprintf/-/extsprintf-1.3.0.tgz",
			"integrity": "sha1-lpGEQOMEGnpBT4xS48V06zw+HgU="
		},
		"fast-deep-equal": {
			"version": "3.1.3",
			"resolved": "https://registry.npmjs.org/fast-deep-equal/-/fast-deep-equal-3.1.3.tgz",
			"integrity": "sha512-f3qQ9oQy9j2AhBe/H9VC91wLmKBCCU/gDOnKNAYG5hswO7BLKj09Hc5HYNz9cGI++xlpDCIgDaitVs03ATR84Q=="
		},
		"fast-json-stable-stringify": {
			"version": "2.1.0",
			"resolved": "https://registry.npmjs.org/fast-json-stable-stringify/-/fast-json-stable-stringify-2.1.0.tgz",
			"integrity": "sha512-lhd/wF+Lk98HZoTCtlVraHtfh5XYijIjalXck7saUtuanSDyLMxnHhSXEDJqHxD7msR8D0uCmqlkwjCV8xvwHw=="
		},
		"fastest-validator": {
			"version": "1.7.0",
			"resolved": "https://registry.npmjs.org/fastest-validator/-/fastest-validator-1.7.0.tgz",
			"integrity": "sha512-g8G9gNYHVH2EdsIOAnQ60xTeRtf+yitBudR1/5ZpGCIUyXpYv4H9oVT4mwocUOAi/JH9X3kC/R3P6tiukItbvg=="
		},
		"fn-args": {
			"version": "5.0.0",
			"resolved": "https://registry.npmjs.org/fn-args/-/fn-args-5.0.0.tgz",
			"integrity": "sha512-CtbfI3oFFc3nbdIoHycrfbrxiGgxXBXXuyOl49h47JawM1mYrqpiRqnH5CB2mBatdXvHHOUO6a+RiAuuvKt0lw=="
		},
		"follow-redirects": {
			"version": "1.13.0",
			"resolved": "https://registry.npmjs.org/follow-redirects/-/follow-redirects-1.13.0.tgz",
			"integrity": "sha512-aq6gF1BEKje4a9i9+5jimNFIpq4Q1WiwBToeRK5NvZBd/TRsmW8BsJfOEGkr76TbOyPVD3OVDN910EcUNtRYEA=="
		},
		"forever-agent": {
			"version": "0.6.1",
			"resolved": "https://registry.npmjs.org/forever-agent/-/forever-agent-0.6.1.tgz",
			"integrity": "sha1-+8cfDEGt6zf5bFd60e1C2P2sypE="
		},
		"form-data": {
			"version": "2.3.3",
			"resolved": "https://registry.npmjs.org/form-data/-/form-data-2.3.3.tgz",
			"integrity": "sha512-1lLKB2Mu3aGP1Q/2eCOx0fNbRMe7XdwktwOruhfqqd0rIJWwN4Dh+E3hrPSlDCXnSR7UtZ1N38rVXm+6+MEhJQ==",
			"requires": {
				"asynckit": "^0.4.0",
				"combined-stream": "^1.0.6",
				"mime-types": "^2.1.12"
			}
		},
		"fs.realpath": {
			"version": "1.0.0",
			"resolved": "https://registry.npmjs.org/fs.realpath/-/fs.realpath-1.0.0.tgz",
			"integrity": "sha1-FQStJSMVjKpA20onh8sBQRmU6k8="
		},
		"getpass": {
			"version": "0.1.7",
			"resolved": "https://registry.npmjs.org/getpass/-/getpass-0.1.7.tgz",
			"integrity": "sha1-Xv+OPmhNVprkyysSgmBOi6YhSfo=",
			"requires": {
				"assert-plus": "^1.0.0"
			}
		},
		"glob": {
			"version": "7.1.6",
			"resolved": "https://registry.npmjs.org/glob/-/glob-7.1.6.tgz",
			"integrity": "sha512-LwaxwyZ72Lk7vZINtNNrywX0ZuLyStrdDtabefZKAY5ZGJhVtgdznluResxNmPitE0SAO+O26sWTHeKSI2wMBA==",
			"requires": {
				"fs.realpath": "^1.0.0",
				"inflight": "^1.0.4",
				"inherits": "2",
				"minimatch": "^3.0.4",
				"once": "^1.3.0",
				"path-is-absolute": "^1.0.0"
			}
		},
		"har-schema": {
			"version": "2.0.0",
			"resolved": "https://registry.npmjs.org/har-schema/-/har-schema-2.0.0.tgz",
			"integrity": "sha1-qUwiJOvKwEeCoNkDVSHyRzW37JI="
		},
		"har-validator": {
			"version": "5.1.5",
			"resolved": "https://registry.npmjs.org/har-validator/-/har-validator-5.1.5.tgz",
			"integrity": "sha512-nmT2T0lljbxdQZfspsno9hgrG3Uir6Ks5afism62poxqBM6sDnMEuPmzTq8XN0OEwqKLLdh1jQI3qyE66Nzb3w==",
			"requires": {
				"ajv": "^6.12.3",
				"har-schema": "^2.0.0"
			}
		},
		"has-flag": {
			"version": "3.0.0",
			"resolved": "https://registry.npmjs.org/has-flag/-/has-flag-3.0.0.tgz",
			"integrity": "sha1-tdRU3CGZriJWmfNGfloH87lVuv0="
		},
		"htmlparser2": {
			"version": "4.1.0",
			"resolved": "https://registry.npmjs.org/htmlparser2/-/htmlparser2-4.1.0.tgz",
			"integrity": "sha512-4zDq1a1zhE4gQso/c5LP1OtrhYTncXNSpvJYtWJBtXAETPlMfi3IFNjGuQbYLuVY4ZR0QMqRVvo4Pdy9KLyP8Q==",
			"requires": {
				"domelementtype": "^2.0.1",
				"domhandler": "^3.0.0",
				"domutils": "^2.0.0",
				"entities": "^2.0.0"
			}
		},
		"http-link-header": {
			"version": "1.0.3",
			"resolved": "https://registry.npmjs.org/http-link-header/-/http-link-header-1.0.3.tgz",
			"integrity": "sha512-nARK1wSKoBBrtcoESlHBx36c1Ln/gnbNQi1eB6MeTUefJIT3NvUOsV15bClga0k38f0q/kN5xxrGSDS3EFnm9w=="
		},
		"http-signature": {
			"version": "1.2.0",
			"resolved": "https://registry.npmjs.org/http-signature/-/http-signature-1.2.0.tgz",
			"integrity": "sha1-muzZJRFHcvPZW2WmCruPfBj7rOE=",
			"requires": {
				"assert-plus": "^1.0.0",
				"jsprim": "^1.2.2",
				"sshpk": "^1.7.0"
			}
		},
		"ieee754": {
			"version": "1.1.13",
			"resolved": "https://registry.npmjs.org/ieee754/-/ieee754-1.1.13.tgz",
			"integrity": "sha512-4vf7I2LYV/HaWerSo3XmlMkp5eZ83i+/CDluXi/IGTs/O1sejBNhTtnxzmRZfvOUqj7lZjqHkeTvpgSFDlWZTg=="
		},
		"immutable": {
			"version": "3.8.2",
			"resolved": "https://registry.npmjs.org/immutable/-/immutable-3.8.2.tgz",
			"integrity": "sha1-wkOZUUVbs5kT2vKBN28VMOEErfM="
		},
		"inflight": {
			"version": "1.0.6",
			"resolved": "https://registry.npmjs.org/inflight/-/inflight-1.0.6.tgz",
			"integrity": "sha1-Sb1jMdfQLQwJvJEKEHW6gWW1bfk=",
			"requires": {
				"once": "^1.3.0",
				"wrappy": "1"
			}
		},
		"inherits": {
			"version": "2.0.4",
			"resolved": "https://registry.npmjs.org/inherits/-/inherits-2.0.4.tgz",
			"integrity": "sha512-k/vGaX4/Yla3WzyMCvTQOXYeIHvqOKtnqBduzTHpzpQZzAskKMhZ2K+EnBiSM9zGSoIFeMpXKxa4dYeZIQqewQ=="
		},
		"ipaddr.js": {
			"version": "2.0.0",
			"resolved": "https://registry.npmjs.org/ipaddr.js/-/ipaddr.js-2.0.0.tgz",
			"integrity": "sha512-S54H9mIj0rbxRIyrDMEuuER86LdlgUg9FSeZ8duQb6CUG2iRrA36MYVQBSprTF/ZeAwvyQ5mDGuNvIPM0BIl3w=="
		},
		"is-stream": {
			"version": "2.0.0",
			"resolved": "https://registry.npmjs.org/is-stream/-/is-stream-2.0.0.tgz",
			"integrity": "sha512-XCoy+WlUr7d1+Z8GgSuXmpuUFC9fOhRXglJMx+dwLKTkL44Cjd4W1Z5P+BQZpr+cR93aGP4S/s7Ftw6Nd/kiEw=="
		},
		"is-typedarray": {
			"version": "1.0.0",
			"resolved": "https://registry.npmjs.org/is-typedarray/-/is-typedarray-1.0.0.tgz",
			"integrity": "sha1-5HnICFjfDBsR3dppQPlgEfzaSpo="
		},
		"isstream": {
			"version": "0.1.2",
			"resolved": "https://registry.npmjs.org/isstream/-/isstream-0.1.2.tgz",
			"integrity": "sha1-R+Y/evVa+m+S4VAOaQ64uFKcCZo="
		},
		"jsbn": {
			"version": "0.1.1",
			"resolved": "https://registry.npmjs.org/jsbn/-/jsbn-0.1.1.tgz",
			"integrity": "sha1-peZUwuWi3rXyAdls77yoDA7y9RM="
		},
		"json-schema": {
			"version": "0.2.3",
			"resolved": "https://registry.npmjs.org/json-schema/-/json-schema-0.2.3.tgz",
			"integrity": "sha1-tIDIkuWaLwWVTOcnvT8qTogvnhM="
		},
		"json-schema-traverse": {
			"version": "0.4.1",
			"resolved": "https://registry.npmjs.org/json-schema-traverse/-/json-schema-traverse-0.4.1.tgz",
			"integrity": "sha512-xbbCH5dCYU5T8LcEhhuh7HJ88HXuW3qsI3Y0zOZFKfZEHcpWiHU/Jxzk629Brsab/mMiHQti9wMP+845RPe3Vg=="
		},
		"json-stringify-safe": {
			"version": "5.0.1",
			"resolved": "https://registry.npmjs.org/json-stringify-safe/-/json-stringify-safe-5.0.1.tgz",
			"integrity": "sha1-Epai1Y/UXxmg9s4B1lcB4sc1tus="
		},
		"jsonld": {
			"version": "1.8.1",
			"resolved": "https://registry.npmjs.org/jsonld/-/jsonld-1.8.1.tgz",
			"integrity": "sha512-f0rusl5v8aPKS3jApT5fhYsdTC/JpyK1PoJ+ZtYYtZXoyb1J0Z///mJqLwrfL/g4NueFSqPymDYIi1CcSk7b8Q==",
			"requires": {
				"canonicalize": "^1.0.1",
				"rdf-canonize": "^1.0.2",
				"request": "^2.88.0",
				"semver": "^5.6.0",
				"xmldom": "0.1.19"
			}
		},
		"jsonld-context-parser": {
			"version": "2.1.1",
			"resolved": "https://registry.npmjs.org/jsonld-context-parser/-/jsonld-context-parser-2.1.1.tgz",
			"integrity": "sha512-7yKhnwFaiCnDPUZYQuAWyT0zZBfOKZDyjtqFVNbXrYRkboU+m55UsastsfXbo7qNroTGdFiEyxHEHDEfBC0P4Q==",
			"requires": {
				"@types/http-link-header": "^1.0.1",
				"@types/node": "^13.1.0",
				"canonicalize": "^1.0.1",
				"cross-fetch": "^3.0.6",
				"http-link-header": "^1.0.2",
				"relative-to-absolute-iri": "^1.0.5"
			},
			"dependencies": {
				"@types/node": {
					"version": "13.13.25",
					"resolved": "https://registry.npmjs.org/@types/node/-/node-13.13.25.tgz",
					"integrity": "sha512-6ZMK4xRcF2XrPdKmPYQxZkdHKV18xKgUFVvhIgw2iwaaO6weleLPHLBGPZmLhjo+m1N+MZXRAoBEBCCVqgO2zQ=="
				}
			}
		},
		"jsonld-streaming-parser": {
			"version": "2.1.0",
			"resolved": "https://registry.npmjs.org/jsonld-streaming-parser/-/jsonld-streaming-parser-2.1.0.tgz",
			"integrity": "sha512-9Ks9Zb7eEK+3D9WAb5RPvjUJ57FD+/KG1F0HHszjJQtl7eyQKyujLWypblD66dmedjor+zdEjIF/oj+sqqn/Dw==",
			"requires": {
				"@types/http-link-header": "^1.0.1",
				"@types/rdf-js": "*",
				"canonicalize": "^1.0.1",
				"http-link-header": "^1.0.2",
				"jsonld-context-parser": "^2.0.1",
				"jsonparse": "^1.3.1",
				"rdf-data-factory": "^1.0.2"
			}
		},
		"jsonparse": {
			"version": "1.3.1",
			"resolved": "https://registry.npmjs.org/jsonparse/-/jsonparse-1.3.1.tgz",
			"integrity": "sha1-P02uSpH6wxX3EGL4UhzCOfE2YoA="
		},
		"jsprim": {
			"version": "1.4.1",
			"resolved": "https://registry.npmjs.org/jsprim/-/jsprim-1.4.1.tgz",
			"integrity": "sha1-MT5mvB5cwG5Di8G3SZwuXFastqI=",
			"requires": {
				"assert-plus": "1.0.0",
				"extsprintf": "1.3.0",
				"json-schema": "0.2.3",
				"verror": "1.10.0"
			}
		},
		"kleur": {
			"version": "4.1.3",
			"resolved": "https://registry.npmjs.org/kleur/-/kleur-4.1.3.tgz",
			"integrity": "sha512-H1tr8QP2PxFTNwAFM74Mui2b6ovcY9FoxJefgrwxY+OCJcq01k5nvhf4M/KnizzrJvLRap5STUy7dgDV35iUBw=="
		},
		"leven": {
			"version": "2.1.0",
			"resolved": "https://registry.npmjs.org/leven/-/leven-2.1.0.tgz",
			"integrity": "sha1-wuep93IJTe6dNCAq6KzORoeHVYA="
		},
		"lodash": {
			"version": "4.17.20",
			"resolved": "https://registry.npmjs.org/lodash/-/lodash-4.17.20.tgz",
			"integrity": "sha512-PlhdFcillOINfeV7Ni6oF1TAEayyZBoZ8bcshTHqOYJYlrqzRK5hagpagky5o4HfCzzd1TRkXPMFq6cKk9rGmA=="
		},
		"long": {
			"version": "4.0.0",
			"resolved": "https://registry.npmjs.org/long/-/long-4.0.0.tgz",
			"integrity": "sha512-XsP+KhQif4bjX1kbuSiySJFNAehNxgLb6hPRGJ9QsUr8ajHkuXGdrHmFUTUUXhDwVX2R5bY4JNZEwbUiMhV+MA=="
		},
		"lru-cache": {
			"version": "6.0.0",
			"resolved": "https://registry.npmjs.org/lru-cache/-/lru-cache-6.0.0.tgz",
			"integrity": "sha512-Jo6dJ04CmSjuznwJSS3pUeWmd/H0ffTlkXXgwZi+eq1UCmqQwCh+eLsYOYCwY991i2Fah4h1BEMCx4qThGbsiA==",
			"requires": {
				"yallist": "^4.0.0"
			}
		},
		"mime-db": {
			"version": "1.44.0",
			"resolved": "https://registry.npmjs.org/mime-db/-/mime-db-1.44.0.tgz",
			"integrity": "sha512-/NOTfLrsPBVeH7YtFPgsVWveuL+4SjjYxaQ1xtM1KMFj7HdxlBlxeyNLzhyJVx7r4rZGJAZ/6lkKCitSc/Nmpg=="
		},
		"mime-types": {
			"version": "2.1.27",
			"resolved": "https://registry.npmjs.org/mime-types/-/mime-types-2.1.27.tgz",
			"integrity": "sha512-JIhqnCasI9yD+SsmkquHBxTSEuZdQX5BuQnS2Vc7puQQQ+8yiP5AY5uWhpdv4YL4VM5c6iliiYWPgJ/nJQLp7w==",
			"requires": {
				"mime-db": "1.44.0"
			}
		},
		"minimatch": {
			"version": "3.0.4",
			"resolved": "https://registry.npmjs.org/minimatch/-/minimatch-3.0.4.tgz",
			"integrity": "sha512-yJHVQEhyqPLUTgt9B83PXu6W3rx4MvvHvSUvToogpwoGDOUQ+yDrR0HRot+yOCdCO7u4hX3pWft6kWBBcqh0UA==",
			"requires": {
				"brace-expansion": "^1.1.7"
			}
		},
		"moleculer": {
			"version": "0.14.11",
			"resolved": "https://registry.npmjs.org/moleculer/-/moleculer-0.14.11.tgz",
			"integrity": "sha512-u8uO5PTMgyW1ZD1rKkIOCwthOfSyR9z1FfcpflGO20IKI9zqJxy5VRQ0BTGfHcrTD/+o/ux5eAFV1i2CwidpxQ==",
			"requires": {
				"args": "^5.0.1",
				"es6-error": "^4.1.1",
				"eventemitter2": "^6.4.3",
				"fastest-validator": "^1.7.0",
				"fn-args": "^5.0.0",
				"glob": "^7.1.6",
				"ipaddr.js": "^2.0.0",
				"kleur": "^4.1.2",
				"lodash": "^4.17.20",
				"lru-cache": "^6.0.0",
				"node-fetch": "^2.6.1"
			}
		},
		"mri": {
			"version": "1.1.4",
			"resolved": "https://registry.npmjs.org/mri/-/mri-1.1.4.tgz",
			"integrity": "sha512-6y7IjGPm8AzlvoUrwAaw1tLnUBudaS3752vcd8JtrpGGQn+rXIe63LFVHm/YMwtqAuh+LJPCFdlLYPWM1nYn6w=="
		},
		"n3": {
			"version": "1.6.3",
			"resolved": "https://registry.npmjs.org/n3/-/n3-1.6.3.tgz",
			"integrity": "sha512-dN+8pLw2h1H1WQTW9VR3T16tHPDYdQP+YKXzbcpBCMCb9ZkksUyoVRRdtFGl3vosdET+NIB5eiIgth+4Vit6Yw==",
			"requires": {
				"queue-microtask": "^1.1.2",
				"readable-stream": "^3.6.0"
			}
		},
		"node-fetch": {
			"version": "2.6.1",
			"resolved": "https://registry.npmjs.org/node-fetch/-/node-fetch-2.6.1.tgz",
			"integrity": "sha512-V4aYg89jEoVRxRb2fJdAg8FHvI7cEyYdVAh94HH0UIK8oJxUfkjlDQN9RbMx+bEjP7+ggMiFRprSti032Oipxw=="
		},
		"node-forge": {
			"version": "0.10.0",
			"resolved": "https://registry.npmjs.org/node-forge/-/node-forge-0.10.0.tgz",
			"integrity": "sha512-PPmu8eEeG9saEUvI97fm4OYxXVB6bFvyNTyiUOBichBpFG8A1Ljw3bY62+5oOjDEMHRnd0Y7HQ+x7uzxOzC6JA=="
		},
		"oauth-sign": {
			"version": "0.9.0",
			"resolved": "https://registry.npmjs.org/oauth-sign/-/oauth-sign-0.9.0.tgz",
			"integrity": "sha512-fexhUFFPTGV8ybAtSIGbV6gOkSv8UtRbDBnAyLQw4QPKkgNlsH2ByPGtMUqdWkos6YCRmAqViwgZrJc/mRDzZQ=="
		},
		"once": {
			"version": "1.4.0",
			"resolved": "https://registry.npmjs.org/once/-/once-1.4.0.tgz",
			"integrity": "sha1-WDsap3WWHUsROsF9nFC6753Xa9E=",
			"requires": {
				"wrappy": "1"
			}
		},
		"parse-link-header": {
			"version": "1.0.1",
			"resolved": "https://registry.npmjs.org/parse-link-header/-/parse-link-header-1.0.1.tgz",
			"integrity": "sha1-vt/g0hGK64S+deewJUGeyKYRQKc=",
			"requires": {
				"xtend": "~4.0.1"
			}
		},
		"path-is-absolute": {
			"version": "1.0.1",
			"resolved": "https://registry.npmjs.org/path-is-absolute/-/path-is-absolute-1.0.1.tgz",
			"integrity": "sha1-F0uSaHNVNP+8es5r9TpanhtcX18="
		},
		"performance-now": {
			"version": "2.1.0",
			"resolved": "https://registry.npmjs.org/performance-now/-/performance-now-2.1.0.tgz",
			"integrity": "sha1-Ywn04OX6kT7BxpMHrjZLSzd8nns="
		},
		"promise-polyfill": {
			"version": "1.1.6",
			"resolved": "https://registry.npmjs.org/promise-polyfill/-/promise-polyfill-1.1.6.tgz",
			"integrity": "sha1-zQTv9G9clcOn0EVZHXm14+AfEtc="
		},
		"psl": {
			"version": "1.8.0",
			"resolved": "https://registry.npmjs.org/psl/-/psl-1.8.0.tgz",
			"integrity": "sha512-RIdOzyoavK+hA18OGGWDqUTsCLhtA7IcZ/6NCs4fFJaHBDab+pDDmDIByWFRQJq2Cd7r1OoQxBGKOaztq+hjIQ=="
		},
		"punycode": {
			"version": "2.1.1",
			"resolved": "https://registry.npmjs.org/punycode/-/punycode-2.1.1.tgz",
			"integrity": "sha512-XRsRjdf+j5ml+y/6GKHPZbrF/8p2Yga0JPtdqTIY2Xe5ohJPD9saDJJLPvp9+NSBprVvevdXZybnj2cv8OEd0A=="
		},
		"qs": {
			"version": "6.5.2",
			"resolved": "https://registry.npmjs.org/qs/-/qs-6.5.2.tgz",
			"integrity": "sha512-N5ZAX4/LxJmF+7wN74pUD6qAh9/wnvdQcjq9TZjevvXzSUo7bfmw91saqMjzGS2xq91/odN2dW/WOl7qQHNDGA=="
		},
		"queue-microtask": {
			"version": "1.1.4",
			"resolved": "https://registry.npmjs.org/queue-microtask/-/queue-microtask-1.1.4.tgz",
			"integrity": "sha512-eY/4Obve9cE5FK8YvC1cJsm5cr7XvAurul8UtBDJ2PR1p5NmAwHtvAt5ftcLtwYRCUKNhxCneZZlxmUDFoSeKA=="
		},
		"rdf-canonize": {
			"version": "1.2.0",
			"resolved": "https://registry.npmjs.org/rdf-canonize/-/rdf-canonize-1.2.0.tgz",
			"integrity": "sha512-MQdcRDz4+82nUrEb3hNQangBDpmep15uMmnWclGi/1KS0bNVc8oHpoNI0PFLHZsvwgwRzH31bO1JAScqUAstvw==",
			"requires": {
				"node-forge": "^0.10.0",
				"semver": "^6.3.0"
			},
			"dependencies": {
				"semver": {
					"version": "6.3.0",
					"resolved": "https://registry.npmjs.org/semver/-/semver-6.3.0.tgz",
					"integrity": "sha512-b39TBaTSfV6yBrapU89p5fKekE2m/NwnDocOVruQFS1/veMgdzuPcnOM34M6CwxW8jH/lxEa5rBoDeUwu5HHTw=="
				}
			}
		},
		"rdf-data-factory": {
			"version": "1.0.3",
			"resolved": "https://registry.npmjs.org/rdf-data-factory/-/rdf-data-factory-1.0.3.tgz",
			"integrity": "sha512-Fm0E5JiGZl4vRK2qlMmmI/CEZeN/NgEWHyBmTmtFCyp/tAfb5veDfdB1ZqNRqR16pNHzDiPeKZmE7qCK3IehWA==",
			"requires": {
				"@types/rdf-js": "*"
			}
		},
		"rdf-parse": {
			"version": "1.5.0",
			"resolved": "https://registry.npmjs.org/rdf-parse/-/rdf-parse-1.5.0.tgz",
			"integrity": "sha512-NtX08vnqQNzzdpxztPKzZ9U88udXu/mi1OvSnmKrqnao+B2T7VhU1Bn3A0c4VNmQdBL6V0P337BvzaEs9sqJtw==",
			"requires": {
				"@comunica/actor-http-native": "~1.16.0",
				"@comunica/actor-rdf-parse-html": "~1.15.0",
				"@comunica/actor-rdf-parse-html-rdfa": "~1.15.0",
				"@comunica/actor-rdf-parse-html-script": "~1.16.1",
				"@comunica/actor-rdf-parse-jsonld": "~1.16.0",
				"@comunica/actor-rdf-parse-n3": "~1.15.0",
				"@comunica/actor-rdf-parse-rdfxml": "~1.15.0",
				"@comunica/actor-rdf-parse-xml-rdfa": "~1.15.0",
				"@comunica/bus-http": "~1.16.0",
				"@comunica/bus-init": "~1.15.0",
				"@comunica/bus-rdf-parse": "~1.15.0",
				"@comunica/bus-rdf-parse-html": "~1.15.0",
				"@comunica/core": "~1.15.0",
				"@comunica/mediator-combine-union": "~1.15.0",
				"@comunica/mediator-number": "~1.15.0",
				"@comunica/mediator-race": "~1.15.0",
				"@types/rdf-js": "^3.0.0",
				"stream-to-string": "^1.2.0"
			}
		},
		"rdfa-streaming-parser": {
			"version": "1.4.0",
			"resolved": "https://registry.npmjs.org/rdfa-streaming-parser/-/rdfa-streaming-parser-1.4.0.tgz",
			"integrity": "sha512-tx2rsBpK7MhpuvuMFdpoIfH8t8ij/traX6+hiFe4WV648eWlcYKURLVdWwqqPkF4qwnT1PH8mqBpBY7CNpbjvg==",
			"requires": {
				"@types/rdf-js": "*",
				"htmlparser2": "^5.0.0",
				"rdf-data-factory": "^1.0.2",
				"relative-to-absolute-iri": "^1.0.2"
			},
			"dependencies": {
				"htmlparser2": {
					"version": "5.0.0",
					"resolved": "https://registry.npmjs.org/htmlparser2/-/htmlparser2-5.0.0.tgz",
					"integrity": "sha512-/Cvz5RTj9q71kCL9No1u2jhFaAdoMtxpNy0YTwjmQB3iX2TZXfCojTm7tp3rM4NxcwaX1iAzvNgo8OFectXmrQ==",
					"requires": {
						"domelementtype": "^2.0.1",
						"domhandler": "^3.3.0",
						"domutils": "^2.4.2",
						"entities": "^2.0.0"
					}
				}
			}
		},
		"rdfxml-streaming-parser": {
			"version": "1.4.0",
			"resolved": "https://registry.npmjs.org/rdfxml-streaming-parser/-/rdfxml-streaming-parser-1.4.0.tgz",
			"integrity": "sha512-/FKDCq4tuSWz8PZaaPxqIQpenEvRR3Gsqllqg4VmdPFN6WiWfbaD244cKASfXfQHt9Bw7tLsLHsmtA1isIPBCg==",
			"requires": {
				"@types/rdf-js": "*",
				"rdf-data-factory": "^1.0.2",
				"relative-to-absolute-iri": "^1.0.0",
				"sax": "^1.2.4"
			}
		},
		"readable-stream": {
			"version": "3.6.0",
			"resolved": "https://registry.npmjs.org/readable-stream/-/readable-stream-3.6.0.tgz",
			"integrity": "sha512-BViHy7LKeTz4oNnkcLJ+lVSL6vpiFeX6/d3oSH8zCW7UxP2onchk+vTGB143xuFjHS3deTgkKoXXymXqymiIdA==",
			"requires": {
				"inherits": "^2.0.3",
				"string_decoder": "^1.1.1",
				"util-deprecate": "^1.0.1"
			}
		},
		"readable-stream-node-to-web": {
			"version": "1.0.1",
			"resolved": "https://registry.npmjs.org/readable-stream-node-to-web/-/readable-stream-node-to-web-1.0.1.tgz",
			"integrity": "sha1-i3YU+qFGXr+g2pucpjA/onBzt88="
		},
		"relative-to-absolute-iri": {
			"version": "1.0.6",
			"resolved": "https://registry.npmjs.org/relative-to-absolute-iri/-/relative-to-absolute-iri-1.0.6.tgz",
			"integrity": "sha512-Xw5/Zx6iWSCMJUXwXVOjySjH8Xli4hVFL9QQFvkl1qEmFBG94J+QUI9emnoctOCD3285f1jNV+QWV9eDYwIdfQ=="
		},
		"request": {
			"version": "2.88.2",
			"resolved": "https://registry.npmjs.org/request/-/request-2.88.2.tgz",
			"integrity": "sha512-MsvtOrfG9ZcrOwAW+Qi+F6HbD0CWXEh9ou77uOb7FM2WPhwT7smM833PzanhJLsgXjN89Ir6V2PczXNnMpwKhw==",
			"requires": {
				"aws-sign2": "~0.7.0",
				"aws4": "^1.8.0",
				"caseless": "~0.12.0",
				"combined-stream": "~1.0.6",
				"extend": "~3.0.2",
				"forever-agent": "~0.6.1",
				"form-data": "~2.3.2",
				"har-validator": "~5.1.3",
				"http-signature": "~1.2.0",
				"is-typedarray": "~1.0.0",
				"isstream": "~0.1.2",
				"json-stringify-safe": "~5.0.1",
				"mime-types": "~2.1.19",
				"oauth-sign": "~0.9.0",
				"performance-now": "^2.1.0",
				"qs": "~6.5.2",
				"safe-buffer": "^5.1.2",
				"tough-cookie": "~2.5.0",
				"tunnel-agent": "^0.6.0",
				"uuid": "^3.3.2"
			}
		},
		"safe-buffer": {
			"version": "5.2.1",
			"resolved": "https://registry.npmjs.org/safe-buffer/-/safe-buffer-5.2.1.tgz",
			"integrity": "sha512-rp3So07KcdmmKbGvgaNxQSJr7bGVSVk5S9Eq1F+ppbRo70+YeaDxkw5Dd8NPN+GD6bjnYm2VuPuCXmpuYvmCXQ=="
		},
		"safer-buffer": {
			"version": "2.1.2",
			"resolved": "https://registry.npmjs.org/safer-buffer/-/safer-buffer-2.1.2.tgz",
			"integrity": "sha512-YZo3K82SD7Riyi0E1EQPojLz7kpepnSQI9IyPbHHg1XXXevb5dJI7tpyN2ADxGcQbHG7vcyRHk0cbwqcQriUtg=="
		},
		"sax": {
			"version": "1.2.4",
			"resolved": "https://registry.npmjs.org/sax/-/sax-1.2.4.tgz",
			"integrity": "sha512-NqVDv9TpANUjFm0N8uM5GxL36UgKi9/atZw+x7YFnQ8ckwFGKrl4xX4yWtrey3UJm5nP1kUbnYgLopqWNSRhWw=="
		},
		"semver": {
			"version": "5.7.1",
			"resolved": "https://registry.npmjs.org/semver/-/semver-5.7.1.tgz",
			"integrity": "sha512-sauaDf/PZdVgrLTNYHRtpXa1iRiKcaebiKQ1BJdpQlWH2lCvexQdX55snPFyK7QzpudqbCI0qXFfOasHdyNDGQ=="
		},
		"speakingurl": {
			"version": "14.0.1",
			"resolved": "https://registry.npmjs.org/speakingurl/-/speakingurl-14.0.1.tgz",
			"integrity": "sha512-1POYv7uv2gXoyGFpBCmpDVSNV74IfsWlDW216UPjbWufNf+bSU6GdbDsxdcxtfwb4xlI3yxzOTKClUosxARYrQ=="
		},
		"sshpk": {
			"version": "1.16.1",
			"resolved": "https://registry.npmjs.org/sshpk/-/sshpk-1.16.1.tgz",
			"integrity": "sha512-HXXqVUq7+pcKeLqqZj6mHFUMvXtOJt1uoUx09pFW6011inTMxqI8BA8PM95myrIyyKwdnzjdFjLiE6KBPVtJIg==",
			"requires": {
				"asn1": "~0.2.3",
				"assert-plus": "^1.0.0",
				"bcrypt-pbkdf": "^1.0.0",
				"dashdash": "^1.12.0",
				"ecc-jsbn": "~0.1.1",
				"getpass": "^0.1.1",
				"jsbn": "~0.1.0",
				"safer-buffer": "^2.0.2",
				"tweetnacl": "~0.14.0"
			}
		},
		"stream-to-string": {
			"version": "1.2.0",
			"resolved": "https://registry.npmjs.org/stream-to-string/-/stream-to-string-1.2.0.tgz",
			"integrity": "sha512-8drZlFIKBHSMdX9GCWv8V9AAWnQcTqw0iAI6/GC7UJ0H0SwKeFKjOoZfGY1tOU00GGU7FYZQoJ/ZCUEoXhD7yQ==",
			"requires": {
				"promise-polyfill": "^1.1.6"
			}
		},
		"streamify-string": {
			"version": "1.0.1",
			"resolved": "https://registry.npmjs.org/streamify-string/-/streamify-string-1.0.1.tgz",
			"integrity": "sha1-niIN4z4cR13TDgIG9bGBXMbJUls="
		},
		"string_decoder": {
			"version": "1.3.0",
			"resolved": "https://registry.npmjs.org/string_decoder/-/string_decoder-1.3.0.tgz",
			"integrity": "sha512-hkRX8U1WjJFd8LsDJ2yQ/wWWxaopEsABU1XfkM8A+j0+85JAGppt16cr1Whg6KIbb4okU6Mql6BOj+uup/wKeA==",
			"requires": {
				"safe-buffer": "~5.2.0"
			}
		},
		"supports-color": {
			"version": "5.5.0",
			"resolved": "https://registry.npmjs.org/supports-color/-/supports-color-5.5.0.tgz",
			"integrity": "sha512-QjVjwdXIt408MIiAqCX4oUKsgU2EqAGzs2Ppkm4aQYbjm+ZEWEcW4SfFNTr4uMNZma0ey4f5lgLrkB0aX0QMow==",
			"requires": {
				"has-flag": "^3.0.0"
			}
		},
		"tough-cookie": {
			"version": "2.5.0",
			"resolved": "https://registry.npmjs.org/tough-cookie/-/tough-cookie-2.5.0.tgz",
			"integrity": "sha512-nlLsUzgm1kfLXSXfRZMc1KLAugd4hqJHDTvc2hDIwS3mZAfMEuMbc03SujMF+GEcpaX/qboeycw6iO8JwVv2+g==",
			"requires": {
				"psl": "^1.1.28",
				"punycode": "^2.1.1"
			}
		},
		"tunnel-agent": {
			"version": "0.6.0",
			"resolved": "https://registry.npmjs.org/tunnel-agent/-/tunnel-agent-0.6.0.tgz",
			"integrity": "sha1-J6XeoGs2sEoKmWZ3SykIaPD8QP0=",
			"requires": {
				"safe-buffer": "^5.0.1"
			}
		},
		"tweetnacl": {
			"version": "0.14.5",
			"resolved": "https://registry.npmjs.org/tweetnacl/-/tweetnacl-0.14.5.tgz",
			"integrity": "sha1-WuaBd/GS1EViadEIr6k/+HQ/T2Q="
		},
		"uri-js": {
			"version": "4.4.0",
			"resolved": "https://registry.npmjs.org/uri-js/-/uri-js-4.4.0.tgz",
			"integrity": "sha512-B0yRTzYdUCCn9n+F4+Gh4yIDtMQcaJsmYBDsTSG8g/OejKBodLQ2IHfN3bM7jUsRXndopT7OIXWdYqc1fjmV6g==",
			"requires": {
				"punycode": "^2.1.0"
			}
		},
		"url-join": {
			"version": "4.0.1",
			"resolved": "https://registry.npmjs.org/url-join/-/url-join-4.0.1.tgz",
			"integrity": "sha512-jk1+QP6ZJqyOiuEI9AEWQfju/nB2Pw466kbA0LEZljHwKeMgd9WrAEgEGxjPDD2+TNbbb37rTyhEfrCXfuKXnA=="
		},
		"util-deprecate": {
			"version": "1.0.2",
			"resolved": "https://registry.npmjs.org/util-deprecate/-/util-deprecate-1.0.2.tgz",
			"integrity": "sha1-RQ1Nyfpw3nMnYvvS1KKJgUGaDM8="
		},
		"uuid": {
			"version": "3.4.0",
			"resolved": "https://registry.npmjs.org/uuid/-/uuid-3.4.0.tgz",
			"integrity": "sha512-HjSDRw6gZE5JMggctHBcjVak08+KEVhSIiDzFnT9S9aegmp85S/bReBVTb4QTFaRNptJ9kuYaNhnbNEOkbKb/A=="
		},
		"verror": {
			"version": "1.10.0",
			"resolved": "https://registry.npmjs.org/verror/-/verror-1.10.0.tgz",
			"integrity": "sha1-OhBcoXBTr1XW4nDB+CiGguGNpAA=",
			"requires": {
				"assert-plus": "^1.0.0",
				"core-util-is": "1.0.2",
				"extsprintf": "^1.2.0"
			}
		},
		"web-streams-node": {
			"version": "0.4.0",
			"resolved": "https://registry.npmjs.org/web-streams-node/-/web-streams-node-0.4.0.tgz",
			"integrity": "sha512-u+PBQs8DFaBrN/bxCLFn21tO/ZP7EM3qA4FGzppoUCcZ5CaMbKOsN8uOp27ylVEsfrxcR2tsF6gWHI5M8bN73w==",
			"requires": {
				"is-stream": "^1.1.0",
				"readable-stream-node-to-web": "^1.0.1",
				"web-streams-ponyfill": "^1.4.1"
			},
			"dependencies": {
				"is-stream": {
					"version": "1.1.0",
					"resolved": "https://registry.npmjs.org/is-stream/-/is-stream-1.1.0.tgz",
					"integrity": "sha1-EtSj3U5o4Lec6428hBc66A2RykQ="
				}
			}
		},
		"web-streams-ponyfill": {
			"version": "1.4.2",
			"resolved": "https://registry.npmjs.org/web-streams-ponyfill/-/web-streams-ponyfill-1.4.2.tgz",
			"integrity": "sha512-LCHW+fE2UBJ2vjhqJujqmoxh1ytEDEr0dPO3CabMdMDJPKmsaxzS90V1Ar6LtNE5VHLqxR4YMEj1i4lzMAccIA=="
		},
		"wrappy": {
			"version": "1.0.2",
			"resolved": "https://registry.npmjs.org/wrappy/-/wrappy-1.0.2.tgz",
			"integrity": "sha1-tSQ9jz7BqjXxNkYFvA0QNuMKtp8="
		},
		"xmldom": {
			"version": "0.1.19",
			"resolved": "https://registry.npmjs.org/xmldom/-/xmldom-0.1.19.tgz",
			"integrity": "sha1-Yx/Ad3bv2EEYvyUXGzftTQdaCrw="
		},
		"xtend": {
			"version": "4.0.2",
			"resolved": "https://registry.npmjs.org/xtend/-/xtend-4.0.2.tgz",
			"integrity": "sha512-LKYU1iAXJXUgAXn9URjiu+MWhyUXHsvfp7mcuYm9dSUKK0/CjtrUwFAxD82/mCWbtLsGjFIad0wIsod4zrTAEQ=="
		},
		"yallist": {
			"version": "4.0.0",
			"resolved": "https://registry.npmjs.org/yallist/-/yallist-4.0.0.tgz",
			"integrity": "sha512-3wdGidZyq5PB084XLES5TpOSRA3wjXAlIWMhum2kRcv/41Sn2emQ0dycQW4uZXLejwKvg6EsvbdlVL+FYEct7A=="
		}
	}
}
