{
	"name": "@semapps/webfinger",
	"version": "0.3.17",
	"lockfileVersion": 2,
	"requires": true,
	"packages": {
		"": {
			"name": "@semapps/webfinger",
			"version": "0.1.41",
			"license": "Apache-2.0",
			"dependencies": {
				"url-join": "^4.0.1"
			}
		},
		"node_modules/url-join": {
			"version": "4.0.1",
			"resolved": "https://registry.npmjs.org/url-join/-/url-join-4.0.1.tgz",
			"integrity": "sha512-jk1+QP6ZJqyOiuEI9AEWQfju/nB2Pw466kbA0LEZljHwKeMgd9WrAEgEGxjPDD2+TNbbb37rTyhEfrCXfuKXnA=="
		}
	},
	"dependencies": {
		"url-join": {
			"version": "4.0.1",
			"resolved": "https://registry.npmjs.org/url-join/-/url-join-4.0.1.tgz",
			"integrity": "sha512-jk1+QP6ZJqyOiuEI9AEWQfju/nB2Pw466kbA0LEZljHwKeMgd9WrAEgEGxjPDD2+TNbbb37rTyhEfrCXfuKXnA=="
		}
	}
}
