{
	"name": "@semapps/backup",
	"version": "0.1.41",
	"lockfileVersion": 2,
	"requires": true,
	"packages": {
		"": {
			"name": "@semapps/backup",
			"version": "0.1.41",
			"license": "Apache-2.0",
			"dependencies": {
				"cron": "^1.8.2",
				"rsync": "^0.6.1"
			}
		},
		"node_modules/cron": {
			"version": "1.8.2",
			"resolved": "https://registry.npmjs.org/cron/-/cron-1.8.2.tgz",
			"integrity": "sha512-Gk2c4y6xKEO8FSAUTklqtfSr7oTq0CiPQeLBG5Fl0qoXpZyMcj1SG59YL+hqq04bu6/IuEA7lMkYDAplQNKkyg==",
			"dependencies": {
				"moment-timezone": "^0.5.x"
			}
		},
		"node_modules/moment": {
			"version": "2.29.1",
			"resolved": "https://registry.npmjs.org/moment/-/moment-2.29.1.tgz",
			"integrity": "sha512-kHmoybcPV8Sqy59DwNDY3Jefr64lK/by/da0ViFcuA4DH0vQg5Q6Ze5VimxkfQNSC+Mls/Kx53s7TjP1RhFEDQ==",
			"engines": {
				"node": "*"
			}
		},
		"node_modules/moment-timezone": {
			"version": "0.5.32",
			"resolved": "https://registry.npmjs.org/moment-timezone/-/moment-timezone-0.5.32.tgz",
			"integrity": "sha512-Z8QNyuQHQAmWucp8Knmgei8YNo28aLjJq6Ma+jy1ZSpSk5nyfRT8xgUbSQvD2+2UajISfenndwvFuH3NGS+nvA==",
			"dependencies": {
				"moment": ">= 2.9.0"
			},
			"engines": {
				"node": "*"
			}
		},
		"node_modules/rsync": {
			"version": "0.6.1",
			"resolved": "https://registry.npmjs.org/rsync/-/rsync-0.6.1.tgz",
			"integrity": "sha1-NoGgCYvYdQRI+L+dof7gn3djdCs="
		}
	},
	"dependencies": {
		"cron": {
			"version": "1.8.2",
			"resolved": "https://registry.npmjs.org/cron/-/cron-1.8.2.tgz",
			"integrity": "sha512-Gk2c4y6xKEO8FSAUTklqtfSr7oTq0CiPQeLBG5Fl0qoXpZyMcj1SG59YL+hqq04bu6/IuEA7lMkYDAplQNKkyg==",
			"requires": {
				"moment-timezone": "^0.5.x"
			}
		},
		"moment": {
			"version": "2.29.1",
			"resolved": "https://registry.npmjs.org/moment/-/moment-2.29.1.tgz",
			"integrity": "sha512-kHmoybcPV8Sqy59DwNDY3Jefr64lK/by/da0ViFcuA4DH0vQg5Q6Ze5VimxkfQNSC+Mls/Kx53s7TjP1RhFEDQ=="
		},
		"moment-timezone": {
			"version": "0.5.32",
			"resolved": "https://registry.npmjs.org/moment-timezone/-/moment-timezone-0.5.32.tgz",
			"integrity": "sha512-Z8QNyuQHQAmWucp8Knmgei8YNo28aLjJq6Ma+jy1ZSpSk5nyfRT8xgUbSQvD2+2UajISfenndwvFuH3NGS+nvA==",
			"requires": {
				"moment": ">= 2.9.0"
			}
		},
		"rsync": {
			"version": "0.6.1",
			"resolved": "https://registry.npmjs.org/rsync/-/rsync-0.6.1.tgz",
			"integrity": "sha1-NoGgCYvYdQRI+L+dof7gn3djdCs="
		}
	}
}
