{
	"name": "@semapps/signature",
	"version": "0.1.12",
	"lockfileVersion": 1,
	"requires": true,
	"dependencies": {
		"assert-plus": {
			"version": "1.0.0",
			"resolved": "https://registry.npmjs.org/assert-plus/-/assert-plus-1.0.0.tgz",
			"integrity": "sha1-8S4PPF13sLHN2RRpQuTpbB5N1SU="
		},
		"http-signature-header": {
			"version": "1.3.1",
			"resolved": "https://registry.npmjs.org/http-signature-header/-/http-signature-header-1.3.1.tgz",
			"integrity": "sha512-UpKpxfRlCWRK41j+MfRHHvjDWMLX67gY7pUNGQbXi13fsTZcvUHrgbhbiJtHDvGGxe5nQVYlTW7fKypMSmgXKQ==",
			"requires": {
				"assert-plus": "^1.0.0"
			}
		}
	}
}
