{
	"name": "@semapps/jsonld",
	"version": "0.4.0-alpha.1",
	"lockfileVersion": 1,
	"requires": true,
	"dependencies": {
		"@rdfjs/types": {
			"version": "1.0.1",
			"resolved": "https://registry.npmjs.org/@rdfjs/types/-/types-1.0.1.tgz",
			"integrity": "sha512-YxVkH0XrCNG3MWeZxfg596GFe+oorTVusmNxRP6ZHTsGczZ8AGvG3UchRNkg3Fy4MyysI7vBAA5YZbESL+VmHQ==",
			"requires": {
				"@types/node": "*"
			}
		},
		"@types/http-link-header": {
			"version": "1.0.3",
			"resolved": "https://registry.npmjs.org/@types/http-link-header/-/http-link-header-1.0.3.tgz",
			"integrity": "sha512-y8HkoD/vyid+5MrJ3aas0FvU3/BVBGcyG9kgxL0Zn4JwstA8CglFPnrR0RuzOjRCXwqzL5uxWC2IO7Ub0rMU2A==",
			"requires": {
				"@types/node": "*"
			}
		},
		"@types/node": {
			"version": "16.11.11",
			"resolved": "https://registry.npmjs.org/@types/node/-/node-16.11.11.tgz",
			"integrity": "sha512-KB0sixD67CeecHC33MYn+eYARkqTheIRNuu97y2XMjR7Wu3XibO1vaY6VBV6O/a89SPI81cEUIYT87UqUWlZNw=="
		},
		"ajv": {
			"version": "6.12.6",
			"resolved": "https://registry.npmjs.org/ajv/-/ajv-6.12.6.tgz",
			"integrity": "sha512-j3fVLgvTo527anyYyJOGTYJbG+vnnQYvE0m5mmkc1TK+nxAppkCLMIL0aZ4dblVCNoGShhm+kzE4ZUykBoMg4g==",
			"requires": {
				"fast-deep-equal": "^3.1.1",
				"fast-json-stable-stringify": "^2.0.0",
				"json-schema-traverse": "^0.4.1",
				"uri-js": "^4.2.2"
			}
		},
		"asn1": {
			"version": "0.2.6",
			"resolved": "https://registry.npmjs.org/asn1/-/asn1-0.2.6.tgz",
			"integrity": "sha512-ix/FxPn0MDjeyJ7i/yoHGFt/EX6LyNbxSEhPPXODPL+KB0VPk86UYfL0lMdy+KCnv+fmvIzySwaK5COwqVbWTQ==",
			"requires": {
				"safer-buffer": "~2.1.0"
			}
		},
		"assert-plus": {
			"version": "1.0.0",
			"resolved": "https://registry.npmjs.org/assert-plus/-/assert-plus-1.0.0.tgz",
			"integrity": "sha1-8S4PPF13sLHN2RRpQuTpbB5N1SU="
		},
		"asynckit": {
			"version": "0.4.0",
			"resolved": "https://registry.npmjs.org/asynckit/-/asynckit-0.4.0.tgz",
			"integrity": "sha1-x57Zf380y48robyXkLzDZkdLS3k="
		},
		"aws-sign2": {
			"version": "0.7.0",
			"resolved": "https://registry.npmjs.org/aws-sign2/-/aws-sign2-0.7.0.tgz",
			"integrity": "sha1-tG6JCTSpWR8tL2+G1+ap8bP+dqg="
		},
		"aws4": {
			"version": "1.11.0",
			"resolved": "https://registry.npmjs.org/aws4/-/aws4-1.11.0.tgz",
			"integrity": "sha512-xh1Rl34h6Fi1DC2WWKfxUTVqRsNnr6LsKz2+hfwDxQJWmrx8+c7ylaqBMcHfl1U1r2dsifOvKX3LQuLNZ+XSvA=="
		},
		"bcrypt-pbkdf": {
			"version": "1.0.2",
			"resolved": "https://registry.npmjs.org/bcrypt-pbkdf/-/bcrypt-pbkdf-1.0.2.tgz",
			"integrity": "sha1-pDAdOJtqQ/m2f/PKEaP2Y342Dp4=",
			"requires": {
				"tweetnacl": "^0.14.3"
			}
		},
		"call-bind": {
			"version": "1.0.2",
			"resolved": "https://registry.npmjs.org/call-bind/-/call-bind-1.0.2.tgz",
			"integrity": "sha512-7O+FbCihrB5WGbFYesctwmTKae6rOiIzmz1icreWJ+0aA7LJfuqhEso2T9ncpcFtzMQtzXf2QGGueWJGTYsqrA==",
			"requires": {
				"function-bind": "^1.1.1",
				"get-intrinsic": "^1.0.2"
			}
		},
		"canonicalize": {
			"version": "1.0.5",
			"resolved": "https://registry.npmjs.org/canonicalize/-/canonicalize-1.0.5.tgz",
			"integrity": "sha512-mAjKJPIyP0xqqv6IAkvso07StOmz6cmGtNDg3pXCSzXVZOqka7StIkAhJl/zHOi4M2CgpYfD6aeRWbnrmtvBEA=="
		},
		"caseless": {
			"version": "0.12.0",
			"resolved": "https://registry.npmjs.org/caseless/-/caseless-0.12.0.tgz",
			"integrity": "sha1-G2gcIf+EAzyCZUMJBolCDRhxUdw="
		},
		"combined-stream": {
			"version": "1.0.8",
			"resolved": "https://registry.npmjs.org/combined-stream/-/combined-stream-1.0.8.tgz",
			"integrity": "sha512-FQN4MRfuJeHf7cBbBMJFXhKSDq+2kAArBlmRBvcvFE5BB1HZKXtSFASDhdlz9zOYwxh8lDdnvmMOe/+5cdoEdg==",
			"requires": {
				"delayed-stream": "~1.0.0"
			}
		},
		"core-util-is": {
			"version": "1.0.2",
			"resolved": "https://registry.npmjs.org/core-util-is/-/core-util-is-1.0.2.tgz",
			"integrity": "sha1-tf1UIgqivFq1eqtxQMlAdUUDwac="
		},
		"cross-fetch": {
			"version": "3.1.4",
			"resolved": "https://registry.npmjs.org/cross-fetch/-/cross-fetch-3.1.4.tgz",
			"integrity": "sha512-1eAtFWdIubi6T4XPy6ei9iUFoKpUkIF971QLN8lIvvvwueI65+Nw5haMNKUwfJxabqlIIDODJKGrQ66gxC0PbQ==",
			"requires": {
				"node-fetch": "2.6.1"
			},
			"dependencies": {
				"node-fetch": {
					"version": "2.6.1",
					"resolved": "https://registry.npmjs.org/node-fetch/-/node-fetch-2.6.1.tgz",
					"integrity": "sha512-V4aYg89jEoVRxRb2fJdAg8FHvI7cEyYdVAh94HH0UIK8oJxUfkjlDQN9RbMx+bEjP7+ggMiFRprSti032Oipxw=="
				}
			}
		},
		"dashdash": {
			"version": "1.14.1",
			"resolved": "https://registry.npmjs.org/dashdash/-/dashdash-1.14.1.tgz",
			"integrity": "sha1-hTz6D3y+L+1d4gMmuN1YEDX24vA=",
			"requires": {
				"assert-plus": "^1.0.0"
			}
		},
		"define-properties": {
			"version": "1.1.3",
			"resolved": "https://registry.npmjs.org/define-properties/-/define-properties-1.1.3.tgz",
			"integrity": "sha512-3MqfYKj2lLzdMSf8ZIZE/V+Zuy+BgD6f164e8K2w7dgnpKArBDerGYpM46IYYcjnkdPNMjPk9A6VFB8+3SKlXQ==",
			"requires": {
				"object-keys": "^1.0.12"
			}
		},
		"delayed-stream": {
			"version": "1.0.0",
			"resolved": "https://registry.npmjs.org/delayed-stream/-/delayed-stream-1.0.0.tgz",
			"integrity": "sha1-3zrhmayt+31ECqrgsp4icrJOxhk="
		},
		"ecc-jsbn": {
			"version": "0.1.2",
			"resolved": "https://registry.npmjs.org/ecc-jsbn/-/ecc-jsbn-0.1.2.tgz",
			"integrity": "sha1-OoOpBOVDUyh4dMVkt1SThoSamMk=",
			"requires": {
				"jsbn": "~0.1.0",
				"safer-buffer": "^2.1.0"
			}
		},
		"es-abstract": {
			"version": "1.19.1",
			"resolved": "https://registry.npmjs.org/es-abstract/-/es-abstract-1.19.1.tgz",
			"integrity": "sha512-2vJ6tjA/UfqLm2MPs7jxVybLoB8i1t1Jd9R3kISld20sIxPcTbLuggQOUxeWeAvIUkduv/CfMjuh4WmiXr2v9w==",
			"requires": {
				"call-bind": "^1.0.2",
				"es-to-primitive": "^1.2.1",
				"function-bind": "^1.1.1",
				"get-intrinsic": "^1.1.1",
				"get-symbol-description": "^1.0.0",
				"has": "^1.0.3",
				"has-symbols": "^1.0.2",
				"internal-slot": "^1.0.3",
				"is-callable": "^1.2.4",
				"is-negative-zero": "^2.0.1",
				"is-regex": "^1.1.4",
				"is-shared-array-buffer": "^1.0.1",
				"is-string": "^1.0.7",
				"is-weakref": "^1.0.1",
				"object-inspect": "^1.11.0",
				"object-keys": "^1.1.1",
				"object.assign": "^4.1.2",
				"string.prototype.trimend": "^1.0.4",
				"string.prototype.trimstart": "^1.0.4",
				"unbox-primitive": "^1.0.1"
			}
		},
		"es-to-primitive": {
			"version": "1.2.1",
			"resolved": "https://registry.npmjs.org/es-to-primitive/-/es-to-primitive-1.2.1.tgz",
			"integrity": "sha512-QCOllgZJtaUo9miYBcLChTUaHNjJF3PYs1VidD7AwiEj1kYxKeQTctLAezAOH5ZKRH0g2IgPn6KwB4IT8iRpvA==",
			"requires": {
				"is-callable": "^1.1.4",
				"is-date-object": "^1.0.1",
				"is-symbol": "^1.0.2"
			}
		},
		"extend": {
			"version": "3.0.2",
			"resolved": "https://registry.npmjs.org/extend/-/extend-3.0.2.tgz",
			"integrity": "sha512-fjquC59cD7CyW6urNXK0FBufkZcoiGG80wTuPujX590cB5Ttln20E2UB4S/WARVqhXffZl2LNgS+gQdPIIim/g=="
		},
		"extsprintf": {
			"version": "1.3.0",
			"resolved": "https://registry.npmjs.org/extsprintf/-/extsprintf-1.3.0.tgz",
			"integrity": "sha1-lpGEQOMEGnpBT4xS48V06zw+HgU="
		},
		"fast-deep-equal": {
			"version": "3.1.3",
			"resolved": "https://registry.npmjs.org/fast-deep-equal/-/fast-deep-equal-3.1.3.tgz",
			"integrity": "sha512-f3qQ9oQy9j2AhBe/H9VC91wLmKBCCU/gDOnKNAYG5hswO7BLKj09Hc5HYNz9cGI++xlpDCIgDaitVs03ATR84Q=="
		},
		"fast-json-stable-stringify": {
			"version": "2.1.0",
			"resolved": "https://registry.npmjs.org/fast-json-stable-stringify/-/fast-json-stable-stringify-2.1.0.tgz",
			"integrity": "sha512-lhd/wF+Lk98HZoTCtlVraHtfh5XYijIjalXck7saUtuanSDyLMxnHhSXEDJqHxD7msR8D0uCmqlkwjCV8xvwHw=="
		},
		"forever-agent": {
			"version": "0.6.1",
			"resolved": "https://registry.npmjs.org/forever-agent/-/forever-agent-0.6.1.tgz",
			"integrity": "sha1-+8cfDEGt6zf5bFd60e1C2P2sypE="
		},
		"form-data": {
			"version": "2.3.3",
			"resolved": "https://registry.npmjs.org/form-data/-/form-data-2.3.3.tgz",
			"integrity": "sha512-1lLKB2Mu3aGP1Q/2eCOx0fNbRMe7XdwktwOruhfqqd0rIJWwN4Dh+E3hrPSlDCXnSR7UtZ1N38rVXm+6+MEhJQ==",
			"requires": {
				"asynckit": "^0.4.0",
				"combined-stream": "^1.0.6",
				"mime-types": "^2.1.12"
			}
		},
		"function-bind": {
			"version": "1.1.1",
			"resolved": "https://registry.npmjs.org/function-bind/-/function-bind-1.1.1.tgz",
			"integrity": "sha512-yIovAzMX49sF8Yl58fSCWJ5svSLuaibPxXQJFLmBObTuCr0Mf1KiPopGM9NiFjiYBCbfaa2Fh6breQ6ANVTI0A=="
		},
		"get-intrinsic": {
			"version": "1.1.1",
			"resolved": "https://registry.npmjs.org/get-intrinsic/-/get-intrinsic-1.1.1.tgz",
			"integrity": "sha512-kWZrnVM42QCiEA2Ig1bG8zjoIMOgxWwYCEeNdwY6Tv/cOSeGpcoX4pXHfKUxNKVoArnrEr2e9srnAxxGIraS9Q==",
			"requires": {
				"function-bind": "^1.1.1",
				"has": "^1.0.3",
				"has-symbols": "^1.0.1"
			}
		},
		"get-symbol-description": {
			"version": "1.0.0",
			"resolved": "https://registry.npmjs.org/get-symbol-description/-/get-symbol-description-1.0.0.tgz",
			"integrity": "sha512-2EmdH1YvIQiZpltCNgkuiUnyukzxM/R6NDJX31Ke3BG1Nq5b0S2PhX59UKi9vZpPDQVdqn+1IcaAwnzTT5vCjw==",
			"requires": {
				"call-bind": "^1.0.2",
				"get-intrinsic": "^1.1.1"
			}
		},
		"getpass": {
			"version": "0.1.7",
			"resolved": "https://registry.npmjs.org/getpass/-/getpass-0.1.7.tgz",
			"integrity": "sha1-Xv+OPmhNVprkyysSgmBOi6YhSfo=",
			"requires": {
				"assert-plus": "^1.0.0"
			}
		},
		"har-schema": {
			"version": "2.0.0",
			"resolved": "https://registry.npmjs.org/har-schema/-/har-schema-2.0.0.tgz",
			"integrity": "sha1-qUwiJOvKwEeCoNkDVSHyRzW37JI="
		},
		"har-validator": {
			"version": "5.1.5",
			"resolved": "https://registry.npmjs.org/har-validator/-/har-validator-5.1.5.tgz",
			"integrity": "sha512-nmT2T0lljbxdQZfspsno9hgrG3Uir6Ks5afism62poxqBM6sDnMEuPmzTq8XN0OEwqKLLdh1jQI3qyE66Nzb3w==",
			"requires": {
				"ajv": "^6.12.3",
				"har-schema": "^2.0.0"
			}
		},
		"has": {
			"version": "1.0.3",
			"resolved": "https://registry.npmjs.org/has/-/has-1.0.3.tgz",
			"integrity": "sha512-f2dvO0VU6Oej7RkWJGrehjbzMAjFp5/VKPp5tTpWIV4JHHZK1/BxbFRtf/siA2SWTe09caDmVtYYzWEIbBS4zw==",
			"requires": {
				"function-bind": "^1.1.1"
			}
		},
		"has-bigints": {
			"version": "1.0.1",
			"resolved": "https://registry.npmjs.org/has-bigints/-/has-bigints-1.0.1.tgz",
			"integrity": "sha512-LSBS2LjbNBTf6287JEbEzvJgftkF5qFkmCo9hDRpAzKhUOlJ+hx8dd4USs00SgsUNwc4617J9ki5YtEClM2ffA=="
		},
		"has-symbols": {
			"version": "1.0.2",
			"resolved": "https://registry.npmjs.org/has-symbols/-/has-symbols-1.0.2.tgz",
			"integrity": "sha512-chXa79rL/UC2KlX17jo3vRGz0azaWEx5tGqZg5pO3NUyEJVB17dMruQlzCCOfUvElghKcm5194+BCRvi2Rv/Gw=="
		},
		"has-tostringtag": {
			"version": "1.0.0",
			"resolved": "https://registry.npmjs.org/has-tostringtag/-/has-tostringtag-1.0.0.tgz",
			"integrity": "sha512-kFjcSNhnlGV1kyoGk7OXKSawH5JOb/LzUc5w9B02hOTO0dfFRjbHQKvg1d6cf3HbeUmtU9VbbV3qzZ2Teh97WQ==",
			"requires": {
				"has-symbols": "^1.0.2"
			}
		},
		"http-link-header": {
			"version": "1.0.3",
			"resolved": "https://registry.npmjs.org/http-link-header/-/http-link-header-1.0.3.tgz",
			"integrity": "sha512-nARK1wSKoBBrtcoESlHBx36c1Ln/gnbNQi1eB6MeTUefJIT3NvUOsV15bClga0k38f0q/kN5xxrGSDS3EFnm9w=="
		},
		"http-signature": {
			"version": "1.2.0",
			"resolved": "https://registry.npmjs.org/http-signature/-/http-signature-1.2.0.tgz",
			"integrity": "sha1-muzZJRFHcvPZW2WmCruPfBj7rOE=",
			"requires": {
				"assert-plus": "^1.0.0",
				"jsprim": "^1.2.2",
				"sshpk": "^1.7.0"
			}
		},
		"internal-slot": {
			"version": "1.0.3",
			"resolved": "https://registry.npmjs.org/internal-slot/-/internal-slot-1.0.3.tgz",
			"integrity": "sha512-O0DB1JC/sPyZl7cIo78n5dR7eUSwwpYPiXRhTzNxZVAMUuB8vlnRFyLxdrVToks6XPLVnFfbzaVd5WLjhgg+vA==",
			"requires": {
				"get-intrinsic": "^1.1.0",
				"has": "^1.0.3",
				"side-channel": "^1.0.4"
			}
		},
		"is-bigint": {
			"version": "1.0.4",
			"resolved": "https://registry.npmjs.org/is-bigint/-/is-bigint-1.0.4.tgz",
			"integrity": "sha512-zB9CruMamjym81i2JZ3UMn54PKGsQzsJeo6xvN3HJJ4CAsQNB6iRutp2To77OfCNuoxspsIhzaPoO1zyCEhFOg==",
			"requires": {
				"has-bigints": "^1.0.1"
			}
		},
		"is-boolean-object": {
			"version": "1.1.2",
			"resolved": "https://registry.npmjs.org/is-boolean-object/-/is-boolean-object-1.1.2.tgz",
			"integrity": "sha512-gDYaKHJmnj4aWxyj6YHyXVpdQawtVLHU5cb+eztPGczf6cjuTdwve5ZIEfgXqH4e57An1D1AKf8CZ3kYrQRqYA==",
			"requires": {
				"call-bind": "^1.0.2",
				"has-tostringtag": "^1.0.0"
			}
		},
		"is-callable": {
			"version": "1.2.4",
			"resolved": "https://registry.npmjs.org/is-callable/-/is-callable-1.2.4.tgz",
			"integrity": "sha512-nsuwtxZfMX67Oryl9LCQ+upnC0Z0BgpwntpS89m1H/TLF0zNfzfLMV/9Wa/6MZsj0acpEjAO0KF1xT6ZdLl95w=="
		},
		"is-date-object": {
			"version": "1.0.5",
			"resolved": "https://registry.npmjs.org/is-date-object/-/is-date-object-1.0.5.tgz",
			"integrity": "sha512-9YQaSxsAiSwcvS33MBk3wTCVnWK+HhF8VZR2jRxehM16QcVOdHqPn4VPHmRK4lSr38n9JriurInLcP90xsYNfQ==",
			"requires": {
				"has-tostringtag": "^1.0.0"
			}
		},
		"is-negative-zero": {
			"version": "2.0.1",
			"resolved": "https://registry.npmjs.org/is-negative-zero/-/is-negative-zero-2.0.1.tgz",
			"integrity": "sha512-2z6JzQvZRa9A2Y7xC6dQQm4FSTSTNWjKIYYTt4246eMTJmIo0Q+ZyOsU66X8lxK1AbB92dFeglPLrhwpeRKO6w=="
		},
		"is-number-object": {
			"version": "1.0.6",
			"resolved": "https://registry.npmjs.org/is-number-object/-/is-number-object-1.0.6.tgz",
			"integrity": "sha512-bEVOqiRcvo3zO1+G2lVMy+gkkEm9Yh7cDMRusKKu5ZJKPUYSJwICTKZrNKHA2EbSP0Tu0+6B/emsYNHZyn6K8g==",
			"requires": {
				"has-tostringtag": "^1.0.0"
			}
		},
		"is-regex": {
			"version": "1.1.4",
			"resolved": "https://registry.npmjs.org/is-regex/-/is-regex-1.1.4.tgz",
			"integrity": "sha512-kvRdxDsxZjhzUX07ZnLydzS1TU/TJlTUHHY4YLL87e37oUA49DfkLqgy+VjFocowy29cKvcSiu+kIv728jTTVg==",
			"requires": {
				"call-bind": "^1.0.2",
				"has-tostringtag": "^1.0.0"
			}
		},
		"is-shared-array-buffer": {
			"version": "1.0.1",
			"resolved": "https://registry.npmjs.org/is-shared-array-buffer/-/is-shared-array-buffer-1.0.1.tgz",
			"integrity": "sha512-IU0NmyknYZN0rChcKhRO1X8LYz5Isj/Fsqh8NJOSf+N/hCOTwy29F32Ik7a+QszE63IdvmwdTPDd6cZ5pg4cwA=="
		},
		"is-string": {
			"version": "1.0.7",
			"resolved": "https://registry.npmjs.org/is-string/-/is-string-1.0.7.tgz",
			"integrity": "sha512-tE2UXzivje6ofPW7l23cjDOMa09gb7xlAqG6jG5ej6uPV32TlWP3NKPigtaGeHNu9fohccRYvIiZMfOOnOYUtg==",
			"requires": {
				"has-tostringtag": "^1.0.0"
			}
		},
		"is-symbol": {
			"version": "1.0.4",
			"resolved": "https://registry.npmjs.org/is-symbol/-/is-symbol-1.0.4.tgz",
			"integrity": "sha512-C/CPBqKWnvdcxqIARxyOh4v1UUEOCHpgDa0WYgpKDFMszcrPcffg5uhwSgPCLD2WWxmq6isisz87tzT01tuGhg==",
			"requires": {
				"has-symbols": "^1.0.2"
			}
		},
		"is-typedarray": {
			"version": "1.0.0",
			"resolved": "https://registry.npmjs.org/is-typedarray/-/is-typedarray-1.0.0.tgz",
			"integrity": "sha1-5HnICFjfDBsR3dppQPlgEfzaSpo="
		},
		"is-weakref": {
			"version": "1.0.1",
			"resolved": "https://registry.npmjs.org/is-weakref/-/is-weakref-1.0.1.tgz",
			"integrity": "sha512-b2jKc2pQZjaeFYWEf7ScFj+Be1I+PXmlu572Q8coTXZ+LD/QQZ7ShPMst8h16riVgyXTQwUsFEl74mDvc/3MHQ==",
			"requires": {
				"call-bind": "^1.0.0"
			}
		},
		"isstream": {
			"version": "0.1.2",
			"resolved": "https://registry.npmjs.org/isstream/-/isstream-0.1.2.tgz",
			"integrity": "sha1-R+Y/evVa+m+S4VAOaQ64uFKcCZo="
		},
		"jsbn": {
			"version": "0.1.1",
			"resolved": "https://registry.npmjs.org/jsbn/-/jsbn-0.1.1.tgz",
			"integrity": "sha1-peZUwuWi3rXyAdls77yoDA7y9RM="
		},
		"json-schema": {
			"version": "0.4.0",
			"resolved": "https://registry.npmjs.org/json-schema/-/json-schema-0.4.0.tgz",
			"integrity": "sha512-es94M3nTIfsEPisRafak+HDLfHXnKBhV3vU5eqPcS3flIWqcxJWgXHXiey3YrpaNsanY5ei1VoYEbOzijuq9BA=="
		},
		"json-schema-traverse": {
			"version": "0.4.1",
			"resolved": "https://registry.npmjs.org/json-schema-traverse/-/json-schema-traverse-0.4.1.tgz",
			"integrity": "sha512-xbbCH5dCYU5T8LcEhhuh7HJ88HXuW3qsI3Y0zOZFKfZEHcpWiHU/Jxzk629Brsab/mMiHQti9wMP+845RPe3Vg=="
		},
		"json-stringify-safe": {
			"version": "5.0.1",
			"resolved": "https://registry.npmjs.org/json-stringify-safe/-/json-stringify-safe-5.0.1.tgz",
			"integrity": "sha1-Epai1Y/UXxmg9s4B1lcB4sc1tus="
		},
		"jsonld": {
			"version": "3.3.2",
			"resolved": "https://registry.npmjs.org/jsonld/-/jsonld-3.3.2.tgz",
			"integrity": "sha512-DXqG/fdiG7eJ8FzvSd58bW8DQsulQR/gjLYUz9PxBP/WTTpB2HzjjdxSAx5aBHewJ0RiFAV/QcqGCJjxHvuIzw==",
			"requires": {
				"canonicalize": "^1.0.1",
				"lru-cache": "^5.1.1",
				"object.fromentries": "^2.0.2",
				"rdf-canonize": "^2.0.1",
				"request": "^2.88.0",
				"semver": "^6.3.0",
				"xmldom": "0.1.19"
			},
			"dependencies": {
				"lru-cache": {
					"version": "5.1.1",
					"resolved": "https://registry.npmjs.org/lru-cache/-/lru-cache-5.1.1.tgz",
					"integrity": "sha512-KpNARQA3Iwv+jTA0utUVVbrh+Jlrr1Fv0e56GGzAFOXN7dk/FviaDW8LHmK52DlcH4WP2n6gI8vN1aesBFgo9w==",
					"requires": {
						"yallist": "^3.0.2"
					}
				},
				"yallist": {
					"version": "3.1.1",
					"resolved": "https://registry.npmjs.org/yallist/-/yallist-3.1.1.tgz",
					"integrity": "sha512-a4UGQaWPH59mOXUYnAG2ewncQS4i4F43Tv3JoAM+s2VDAmS9NsK8GpDMLrCHPksFT7h3K6TOoUNn2pb7RoXx4g=="
				}
			}
		},
		"jsonld-context-parser": {
			"version": "2.1.5",
			"resolved": "https://registry.npmjs.org/jsonld-context-parser/-/jsonld-context-parser-2.1.5.tgz",
			"integrity": "sha512-rsu5hB6bADa511l0QhG4lndAqlN7PQ4wsS0UKqLWUKg1GUQqYmh2SNfbwXiRiHZRJqhvCNqv9/5tQ3zzk4hMtg==",
			"requires": {
				"@types/http-link-header": "^1.0.1",
				"@types/node": "^13.1.0",
				"canonicalize": "^1.0.1",
				"cross-fetch": "^3.0.6",
				"http-link-header": "^1.0.2",
				"relative-to-absolute-iri": "^1.0.5"
			},
			"dependencies": {
				"@types/node": {
					"version": "13.13.52",
					"resolved": "https://registry.npmjs.org/@types/node/-/node-13.13.52.tgz",
					"integrity": "sha512-s3nugnZumCC//n4moGGe6tkNMyYEdaDBitVjwPxXmR5lnMG5dHePinH2EdxkG3Rh1ghFHHixAG4NJhpJW1rthQ=="
				}
			}
		},
		"jsonld-streaming-parser": {
			"version": "2.4.2",
			"resolved": "https://registry.npmjs.org/jsonld-streaming-parser/-/jsonld-streaming-parser-2.4.2.tgz",
			"integrity": "sha512-kA1+LD9jTPX3bz81c+zjF4ng8UVmVnOmLhKj5pE8pQE0GHc4HJrr0+dHRUgAQzg8jvCml1B9HRmr9egYw4ZfJA==",
			"requires": {
				"@rdfjs/types": "*",
				"@types/http-link-header": "^1.0.1",
				"canonicalize": "^1.0.1",
				"http-link-header": "^1.0.2",
				"jsonld-context-parser": "^2.1.3",
				"jsonparse": "^1.3.1",
				"rdf-data-factory": "^1.1.0"
			}
		},
		"jsonparse": {
			"version": "1.3.1",
			"resolved": "https://registry.npmjs.org/jsonparse/-/jsonparse-1.3.1.tgz",
			"integrity": "sha1-P02uSpH6wxX3EGL4UhzCOfE2YoA="
		},
		"jsprim": {
			"version": "1.4.2",
			"resolved": "https://registry.npmjs.org/jsprim/-/jsprim-1.4.2.tgz",
			"integrity": "sha512-P2bSOMAc/ciLz6DzgjVlGJP9+BrJWu5UDGK70C2iweC5QBIeFf0ZXRvGjEj2uYgrY2MkAAhsSWHDWlFtEroZWw==",
			"requires": {
				"assert-plus": "1.0.0",
				"extsprintf": "1.3.0",
				"json-schema": "0.4.0",
				"verror": "1.10.0"
			}
		},
		"lru-cache": {
			"version": "6.0.0",
			"resolved": "https://registry.npmjs.org/lru-cache/-/lru-cache-6.0.0.tgz",
			"integrity": "sha512-Jo6dJ04CmSjuznwJSS3pUeWmd/H0ffTlkXXgwZi+eq1UCmqQwCh+eLsYOYCwY991i2Fah4h1BEMCx4qThGbsiA==",
			"requires": {
				"yallist": "^4.0.0"
			}
		},
		"mime-db": {
			"version": "1.51.0",
			"resolved": "https://registry.npmjs.org/mime-db/-/mime-db-1.51.0.tgz",
			"integrity": "sha512-5y8A56jg7XVQx2mbv1lu49NR4dokRnhZYTtL+KGfaa27uq4pSTXkwQkFJl4pkRMyNFz/EtYDSkiiEHx3F7UN6g=="
		},
		"mime-types": {
			"version": "2.1.34",
			"resolved": "https://registry.npmjs.org/mime-types/-/mime-types-2.1.34.tgz",
			"integrity": "sha512-6cP692WwGIs9XXdOO4++N+7qjqv0rqxxVvJ3VHPh/Sc9mVZcQP+ZGhkKiTvWMQRr2tbHkJP/Yn7Y0npb3ZBs4A==",
			"requires": {
				"mime-db": "1.51.0"
			}
		},
		"oauth-sign": {
			"version": "0.9.0",
			"resolved": "https://registry.npmjs.org/oauth-sign/-/oauth-sign-0.9.0.tgz",
			"integrity": "sha512-fexhUFFPTGV8ybAtSIGbV6gOkSv8UtRbDBnAyLQw4QPKkgNlsH2ByPGtMUqdWkos6YCRmAqViwgZrJc/mRDzZQ=="
		},
		"object-inspect": {
			"version": "1.11.0",
			"resolved": "https://registry.npmjs.org/object-inspect/-/object-inspect-1.11.0.tgz",
			"integrity": "sha512-jp7ikS6Sd3GxQfZJPyH3cjcbJF6GZPClgdV+EFygjFLQ5FmW/dRUnTd9PQ9k0JhoNDabWFbpF1yCdSWCC6gexg=="
		},
		"object-keys": {
			"version": "1.1.1",
			"resolved": "https://registry.npmjs.org/object-keys/-/object-keys-1.1.1.tgz",
			"integrity": "sha512-NuAESUOUMrlIXOfHKzD6bpPu3tYt3xvjNdRIQ+FeT0lNb4K8WR70CaDxhuNguS2XG+GjkyMwOzsN5ZktImfhLA=="
		},
		"object.assign": {
			"version": "4.1.2",
			"resolved": "https://registry.npmjs.org/object.assign/-/object.assign-4.1.2.tgz",
			"integrity": "sha512-ixT2L5THXsApyiUPYKmW+2EHpXXe5Ii3M+f4e+aJFAHao5amFRW6J0OO6c/LU8Be47utCx2GL89hxGB6XSmKuQ==",
			"requires": {
				"call-bind": "^1.0.0",
				"define-properties": "^1.1.3",
				"has-symbols": "^1.0.1",
				"object-keys": "^1.1.1"
			}
		},
		"object.fromentries": {
			"version": "2.0.5",
			"resolved": "https://registry.npmjs.org/object.fromentries/-/object.fromentries-2.0.5.tgz",
			"integrity": "sha512-CAyG5mWQRRiBU57Re4FKoTBjXfDoNwdFVH2Y1tS9PqCsfUTymAohOkEMSG3aRNKmv4lV3O7p1et7c187q6bynw==",
			"requires": {
				"call-bind": "^1.0.2",
				"define-properties": "^1.1.3",
				"es-abstract": "^1.19.1"
			}
		},
		"performance-now": {
			"version": "2.1.0",
			"resolved": "https://registry.npmjs.org/performance-now/-/performance-now-2.1.0.tgz",
			"integrity": "sha1-Ywn04OX6kT7BxpMHrjZLSzd8nns="
		},
		"psl": {
			"version": "1.8.0",
			"resolved": "https://registry.npmjs.org/psl/-/psl-1.8.0.tgz",
			"integrity": "sha512-RIdOzyoavK+hA18OGGWDqUTsCLhtA7IcZ/6NCs4fFJaHBDab+pDDmDIByWFRQJq2Cd7r1OoQxBGKOaztq+hjIQ=="
		},
		"punycode": {
			"version": "2.1.1",
			"resolved": "https://registry.npmjs.org/punycode/-/punycode-2.1.1.tgz",
			"integrity": "sha512-XRsRjdf+j5ml+y/6GKHPZbrF/8p2Yga0JPtdqTIY2Xe5ohJPD9saDJJLPvp9+NSBprVvevdXZybnj2cv8OEd0A=="
		},
		"qs": {
			"version": "6.5.2",
			"resolved": "https://registry.npmjs.org/qs/-/qs-6.5.2.tgz",
			"integrity": "sha512-N5ZAX4/LxJmF+7wN74pUD6qAh9/wnvdQcjq9TZjevvXzSUo7bfmw91saqMjzGS2xq91/odN2dW/WOl7qQHNDGA=="
		},
		"rdf-canonize": {
			"version": "2.0.1",
			"resolved": "https://registry.npmjs.org/rdf-canonize/-/rdf-canonize-2.0.1.tgz",
			"integrity": "sha512-/GVELjrfW8G/wS4QfDZ5Kq68cS1belVNJqZlcwiErerexeBUsgOINCROnP7UumWIBNdeCwTVLE9NVXMnRYK0lA==",
			"requires": {
				"semver": "^6.3.0",
				"setimmediate": "^1.0.5"
			}
		},
		"rdf-data-factory": {
			"version": "1.1.0",
			"resolved": "https://registry.npmjs.org/rdf-data-factory/-/rdf-data-factory-1.1.0.tgz",
			"integrity": "sha512-g8feOVZ/KL1OK2Pco/jDBDFh4m29QDsOOD+rWloG9qFvIzRFchGy2CviLUX491E0ByewXxMpaq/A3zsWHQA16A==",
			"requires": {
				"@rdfjs/types": "*"
			}
		},
		"relative-to-absolute-iri": {
			"version": "1.0.6",
			"resolved": "https://registry.npmjs.org/relative-to-absolute-iri/-/relative-to-absolute-iri-1.0.6.tgz",
			"integrity": "sha512-Xw5/Zx6iWSCMJUXwXVOjySjH8Xli4hVFL9QQFvkl1qEmFBG94J+QUI9emnoctOCD3285f1jNV+QWV9eDYwIdfQ=="
		},
		"request": {
			"version": "2.88.2",
			"resolved": "https://registry.npmjs.org/request/-/request-2.88.2.tgz",
			"integrity": "sha512-MsvtOrfG9ZcrOwAW+Qi+F6HbD0CWXEh9ou77uOb7FM2WPhwT7smM833PzanhJLsgXjN89Ir6V2PczXNnMpwKhw==",
			"requires": {
				"aws-sign2": "~0.7.0",
				"aws4": "^1.8.0",
				"caseless": "~0.12.0",
				"combined-stream": "~1.0.6",
				"extend": "~3.0.2",
				"forever-agent": "~0.6.1",
				"form-data": "~2.3.2",
				"har-validator": "~5.1.3",
				"http-signature": "~1.2.0",
				"is-typedarray": "~1.0.0",
				"isstream": "~0.1.2",
				"json-stringify-safe": "~5.0.1",
				"mime-types": "~2.1.19",
				"oauth-sign": "~0.9.0",
				"performance-now": "^2.1.0",
				"qs": "~6.5.2",
				"safe-buffer": "^5.1.2",
				"tough-cookie": "~2.5.0",
				"tunnel-agent": "^0.6.0",
				"uuid": "^3.3.2"
			}
		},
		"safe-buffer": {
			"version": "5.2.1",
			"resolved": "https://registry.npmjs.org/safe-buffer/-/safe-buffer-5.2.1.tgz",
			"integrity": "sha512-rp3So07KcdmmKbGvgaNxQSJr7bGVSVk5S9Eq1F+ppbRo70+YeaDxkw5Dd8NPN+GD6bjnYm2VuPuCXmpuYvmCXQ=="
		},
		"safer-buffer": {
			"version": "2.1.2",
			"resolved": "https://registry.npmjs.org/safer-buffer/-/safer-buffer-2.1.2.tgz",
			"integrity": "sha512-YZo3K82SD7Riyi0E1EQPojLz7kpepnSQI9IyPbHHg1XXXevb5dJI7tpyN2ADxGcQbHG7vcyRHk0cbwqcQriUtg=="
		},
		"semver": {
			"version": "6.3.0",
			"resolved": "https://registry.npmjs.org/semver/-/semver-6.3.0.tgz",
			"integrity": "sha512-b39TBaTSfV6yBrapU89p5fKekE2m/NwnDocOVruQFS1/veMgdzuPcnOM34M6CwxW8jH/lxEa5rBoDeUwu5HHTw=="
		},
		"setimmediate": {
			"version": "1.0.5",
			"resolved": "https://registry.npmjs.org/setimmediate/-/setimmediate-1.0.5.tgz",
			"integrity": "sha1-KQy7Iy4waULX1+qbg3Mqt4VvgoU="
		},
		"side-channel": {
			"version": "1.0.4",
			"resolved": "https://registry.npmjs.org/side-channel/-/side-channel-1.0.4.tgz",
			"integrity": "sha512-q5XPytqFEIKHkGdiMIrY10mvLRvnQh42/+GoBlFW3b2LXLE2xxJpZFdm94we0BaoV3RwJyGqg5wS7epxTv0Zvw==",
			"requires": {
				"call-bind": "^1.0.0",
				"get-intrinsic": "^1.0.2",
				"object-inspect": "^1.9.0"
			}
		},
		"sshpk": {
			"version": "1.16.1",
			"resolved": "https://registry.npmjs.org/sshpk/-/sshpk-1.16.1.tgz",
			"integrity": "sha512-HXXqVUq7+pcKeLqqZj6mHFUMvXtOJt1uoUx09pFW6011inTMxqI8BA8PM95myrIyyKwdnzjdFjLiE6KBPVtJIg==",
			"requires": {
				"asn1": "~0.2.3",
				"assert-plus": "^1.0.0",
				"bcrypt-pbkdf": "^1.0.0",
				"dashdash": "^1.12.0",
				"ecc-jsbn": "~0.1.1",
				"getpass": "^0.1.1",
				"jsbn": "~0.1.0",
				"safer-buffer": "^2.0.2",
				"tweetnacl": "~0.14.0"
			}
		},
		"streamify-string": {
			"version": "1.0.1",
			"resolved": "https://registry.npmjs.org/streamify-string/-/streamify-string-1.0.1.tgz",
			"integrity": "sha1-niIN4z4cR13TDgIG9bGBXMbJUls="
		},
		"string.prototype.trimend": {
			"version": "1.0.4",
			"resolved": "https://registry.npmjs.org/string.prototype.trimend/-/string.prototype.trimend-1.0.4.tgz",
			"integrity": "sha512-y9xCjw1P23Awk8EvTpcyL2NIr1j7wJ39f+k6lvRnSMz+mz9CGz9NYPelDk42kOz6+ql8xjfK8oYzy3jAP5QU5A==",
			"requires": {
				"call-bind": "^1.0.2",
				"define-properties": "^1.1.3"
			}
		},
		"string.prototype.trimstart": {
			"version": "1.0.4",
			"resolved": "https://registry.npmjs.org/string.prototype.trimstart/-/string.prototype.trimstart-1.0.4.tgz",
			"integrity": "sha512-jh6e984OBfvxS50tdY2nRZnoC5/mLFKOREQfw8t5yytkoUsJRNxvI/E39qu1sD0OtWI3OC0XgKSmcWwziwYuZw==",
			"requires": {
				"call-bind": "^1.0.2",
				"define-properties": "^1.1.3"
			}
		},
		"tough-cookie": {
			"version": "2.5.0",
			"resolved": "https://registry.npmjs.org/tough-cookie/-/tough-cookie-2.5.0.tgz",
			"integrity": "sha512-nlLsUzgm1kfLXSXfRZMc1KLAugd4hqJHDTvc2hDIwS3mZAfMEuMbc03SujMF+GEcpaX/qboeycw6iO8JwVv2+g==",
			"requires": {
				"psl": "^1.1.28",
				"punycode": "^2.1.1"
			}
		},
		"tunnel-agent": {
			"version": "0.6.0",
			"resolved": "https://registry.npmjs.org/tunnel-agent/-/tunnel-agent-0.6.0.tgz",
			"integrity": "sha1-J6XeoGs2sEoKmWZ3SykIaPD8QP0=",
			"requires": {
				"safe-buffer": "^5.0.1"
			}
		},
		"tweetnacl": {
			"version": "0.14.5",
			"resolved": "https://registry.npmjs.org/tweetnacl/-/tweetnacl-0.14.5.tgz",
			"integrity": "sha1-WuaBd/GS1EViadEIr6k/+HQ/T2Q="
		},
		"unbox-primitive": {
			"version": "1.0.1",
			"resolved": "https://registry.npmjs.org/unbox-primitive/-/unbox-primitive-1.0.1.tgz",
			"integrity": "sha512-tZU/3NqK3dA5gpE1KtyiJUrEB0lxnGkMFHptJ7q6ewdZ8s12QrODwNbhIJStmJkd1QDXa1NRA8aF2A1zk/Ypyw==",
			"requires": {
				"function-bind": "^1.1.1",
				"has-bigints": "^1.0.1",
				"has-symbols": "^1.0.2",
				"which-boxed-primitive": "^1.0.2"
			}
		},
		"uri-js": {
			"version": "4.4.1",
			"resolved": "https://registry.npmjs.org/uri-js/-/uri-js-4.4.1.tgz",
			"integrity": "sha512-7rKUyy33Q1yc98pQ1DAmLtwX109F7TIfWlW1Ydo8Wl1ii1SeHieeh0HHfPeL2fMXK6z0s8ecKs9frCuLJvndBg==",
			"requires": {
				"punycode": "^2.1.0"
			}
		},
		"url-join": {
			"version": "4.0.1",
			"resolved": "https://registry.npmjs.org/url-join/-/url-join-4.0.1.tgz",
			"integrity": "sha512-jk1+QP6ZJqyOiuEI9AEWQfju/nB2Pw466kbA0LEZljHwKeMgd9WrAEgEGxjPDD2+TNbbb37rTyhEfrCXfuKXnA=="
		},
		"uuid": {
			"version": "3.4.0",
			"resolved": "https://registry.npmjs.org/uuid/-/uuid-3.4.0.tgz",
			"integrity": "sha512-HjSDRw6gZE5JMggctHBcjVak08+KEVhSIiDzFnT9S9aegmp85S/bReBVTb4QTFaRNptJ9kuYaNhnbNEOkbKb/A=="
		},
		"verror": {
			"version": "1.10.0",
			"resolved": "https://registry.npmjs.org/verror/-/verror-1.10.0.tgz",
			"integrity": "sha1-OhBcoXBTr1XW4nDB+CiGguGNpAA=",
			"requires": {
				"assert-plus": "^1.0.0",
				"core-util-is": "1.0.2",
				"extsprintf": "^1.2.0"
			}
		},
		"which-boxed-primitive": {
			"version": "1.0.2",
			"resolved": "https://registry.npmjs.org/which-boxed-primitive/-/which-boxed-primitive-1.0.2.tgz",
			"integrity": "sha512-bwZdv0AKLpplFY2KZRX6TvyuN7ojjr7lwkg6ml0roIy9YeuSr7JS372qlNW18UQYzgYK9ziGcerWqZOmEn9VNg==",
			"requires": {
				"is-bigint": "^1.0.1",
				"is-boolean-object": "^1.1.0",
				"is-number-object": "^1.0.4",
				"is-string": "^1.0.5",
				"is-symbol": "^1.0.3"
			}
		},
		"xmldom": {
			"version": "0.1.19",
			"resolved": "https://registry.npmjs.org/xmldom/-/xmldom-0.1.19.tgz",
			"integrity": "sha1-Yx/Ad3bv2EEYvyUXGzftTQdaCrw="
		},
		"yallist": {
			"version": "4.0.0",
			"resolved": "https://registry.npmjs.org/yallist/-/yallist-4.0.0.tgz",
			"integrity": "sha512-3wdGidZyq5PB084XLES5TpOSRA3wjXAlIWMhum2kRcv/41Sn2emQ0dycQW4uZXLejwKvg6EsvbdlVL+FYEct7A=="
		}
	}
}
