{
	"name": "@semapps/triplestore",
	"version": "0.3.21",
	"lockfileVersion": 1,
	"requires": true,
	"dependencies": {
		"@types/node": {
			"version": "13.13.25",
			"resolved": "https://registry.npmjs.org/@types/node/-/node-13.13.25.tgz",
			"integrity": "sha512-6ZMK4xRcF2XrPdKmPYQxZkdHKV18xKgUFVvhIgw2iwaaO6weleLPHLBGPZmLhjo+m1N+MZXRAoBEBCCVqgO2zQ=="
		},
		"@types/rdf-js": {
			"version": "4.0.0",
			"resolved": "https://registry.npmjs.org/@types/rdf-js/-/rdf-js-4.0.0.tgz",
			"integrity": "sha512-2uaR7ks0380MqzUWGOPOOk9yZIr/6MOaCcaj3ntKgd2PqNocgi8j5kSHIJTDe+5ABtTHqKMSE0v0UqrsT8ibgQ==",
			"requires": {
				"@types/node": "*"
			}
		},
		"JSONStream": {
			"version": "1.3.5",
			"resolved": "https://registry.npmjs.org/JSONStream/-/JSONStream-1.3.5.tgz",
			"integrity": "sha512-E+iruNOY8VV9s4JEbe1aNEm6MiszPRr/UfcHMz0TQh1BXSxHK+ASV1R6W4HpjBhSeS+54PIsAMCBmwD06LLsqQ==",
			"requires": {
				"jsonparse": "^1.2.0",
				"through": ">=2.2.7 <3"
			}
		},
		"jsonparse": {
			"version": "1.3.1",
			"resolved": "https://registry.npmjs.org/jsonparse/-/jsonparse-1.3.1.tgz",
			"integrity": "sha1-P02uSpH6wxX3EGL4UhzCOfE2YoA="
		},
		"negotiator": {
			"version": "0.6.2",
			"resolved": "https://registry.npmjs.org/negotiator/-/negotiator-0.6.2.tgz",
			"integrity": "sha512-hZXc7K2e+PgeI1eDBe/10Ard4ekbfrrqG8Ep+8Jmf4JID2bNg7NvCPOZN+kfF574pFQI7mum2AUqDidoKqcTOw=="
		},
		"node-fetch": {
			"version": "2.6.1",
			"resolved": "https://registry.npmjs.org/node-fetch/-/node-fetch-2.6.1.tgz",
			"integrity": "sha512-V4aYg89jEoVRxRb2fJdAg8FHvI7cEyYdVAh94HH0UIK8oJxUfkjlDQN9RbMx+bEjP7+ggMiFRprSti032Oipxw=="
		},
		"rdf-data-factory": {
			"version": "1.0.3",
			"resolved": "https://registry.npmjs.org/rdf-data-factory/-/rdf-data-factory-1.0.3.tgz",
			"integrity": "sha512-Fm0E5JiGZl4vRK2qlMmmI/CEZeN/NgEWHyBmTmtFCyp/tAfb5veDfdB1ZqNRqR16pNHzDiPeKZmE7qCK3IehWA==",
			"requires": {
				"@types/rdf-js": "*"
			}
		},
		"sparqljson-parse": {
			"version": "1.6.0",
			"resolved": "https://registry.npmjs.org/sparqljson-parse/-/sparqljson-parse-1.6.0.tgz",
			"integrity": "sha512-alIiURVr3AXIGU6fjuh5k6fwINwGKBQu5QnN9TEpoyIRvukKxZLQE07AHsw/Wxhkxico81tPf8nJTx7H1ira5A==",
			"requires": {
				"@types/node": "^13.1.0",
				"@types/rdf-js": "*",
				"JSONStream": "^1.3.3",
				"rdf-data-factory": "^1.0.2"
			}
		},
		"through": {
			"version": "2.3.8",
			"resolved": "https://registry.npmjs.org/through/-/through-2.3.8.tgz",
			"integrity": "sha1-DdTJ/6q8NXlgsbckEV1+Doai4fU="
		},
		"url-join": {
			"version": "4.0.1",
			"resolved": "https://registry.npmjs.org/url-join/-/url-join-4.0.1.tgz",
			"integrity": "sha512-jk1+QP6ZJqyOiuEI9AEWQfju/nB2Pw466kbA0LEZljHwKeMgd9WrAEgEGxjPDD2+TNbbb37rTyhEfrCXfuKXnA=="
		}
	}
}
