{
	"name": "@semapps/triplestore",
	"version": "0.3.4",
	"lockfileVersion": 1,
	"requires": true,
	"dependencies": {
		"@digitalbazaar/http-client": {
			"version": "1.1.0",
			"resolved": "https://registry.npmjs.org/@digitalbazaar/http-client/-/http-client-1.1.0.tgz",
			"integrity": "sha512-ks7hqa6hm9NyULdbm9qL6TRS8rADzBw8R0lETvUgvdNXu9H62XG2YqoKRDThtfgWzWxLwRJ3Z2o4ev81dZZbyQ==",
			"requires": {
				"esm": "^3.2.22",
				"ky": "^0.25.1",
				"ky-universal": "^0.8.2"
			}
		},
		"@types/node": {
			"version": "13.13.25",
			"resolved": "https://registry.npmjs.org/@types/node/-/node-13.13.25.tgz",
			"integrity": "sha512-6ZMK4xRcF2XrPdKmPYQxZkdHKV18xKgUFVvhIgw2iwaaO6weleLPHLBGPZmLhjo+m1N+MZXRAoBEBCCVqgO2zQ=="
		},
		"@types/rdf-js": {
			"version": "4.0.0",
			"resolved": "https://registry.npmjs.org/@types/rdf-js/-/rdf-js-4.0.0.tgz",
			"integrity": "sha512-2uaR7ks0380MqzUWGOPOOk9yZIr/6MOaCcaj3ntKgd2PqNocgi8j5kSHIJTDe+5ABtTHqKMSE0v0UqrsT8ibgQ==",
			"requires": {
				"@types/node": "*"
			}
		},
		"JSONStream": {
			"version": "1.3.5",
			"resolved": "https://registry.npmjs.org/JSONStream/-/JSONStream-1.3.5.tgz",
			"integrity": "sha512-E+iruNOY8VV9s4JEbe1aNEm6MiszPRr/UfcHMz0TQh1BXSxHK+ASV1R6W4HpjBhSeS+54PIsAMCBmwD06LLsqQ==",
			"requires": {
				"jsonparse": "^1.2.0",
				"through": ">=2.2.7 <3"
			}
		},
		"abort-controller": {
			"version": "3.0.0",
			"resolved": "https://registry.npmjs.org/abort-controller/-/abort-controller-3.0.0.tgz",
			"integrity": "sha512-h8lQ8tacZYnR3vNQTgibj+tODHI5/+l06Au2Pcriv/Gmet0eaj4TwWH41sO9wnHDiQsEj19q0drzdWdeAHtweg==",
			"requires": {
				"event-target-shim": "^5.0.0"
			}
		},
		"canonicalize": {
			"version": "1.0.5",
			"resolved": "https://registry.npmjs.org/canonicalize/-/canonicalize-1.0.5.tgz",
			"integrity": "sha512-mAjKJPIyP0xqqv6IAkvso07StOmz6cmGtNDg3pXCSzXVZOqka7StIkAhJl/zHOi4M2CgpYfD6aeRWbnrmtvBEA=="
		},
		"data-uri-to-buffer": {
			"version": "3.0.1",
			"resolved": "https://registry.npmjs.org/data-uri-to-buffer/-/data-uri-to-buffer-3.0.1.tgz",
			"integrity": "sha512-WboRycPNsVw3B3TL559F7kuBUM4d8CgMEvk6xEJlOp7OBPjt6G7z8WMWlD2rOFZLk6OYfFIUGsCOWzcQH9K2og=="
		},
		"esm": {
			"version": "3.2.25",
			"resolved": "https://registry.npmjs.org/esm/-/esm-3.2.25.tgz",
			"integrity": "sha512-U1suiZ2oDVWv4zPO56S0NcR5QriEahGtdN2OR6FiOG4WJvcjBVFB0qI4+eKoWFH483PKGuLuu6V8Z4T5g63UVA=="
		},
		"event-target-shim": {
			"version": "5.0.1",
			"resolved": "https://registry.npmjs.org/event-target-shim/-/event-target-shim-5.0.1.tgz",
			"integrity": "sha512-i/2XbnSz/uxRCU6+NdVJgKWDTM427+MqYbkQzD321DuCQJUqOuJKIA0IM2+W2xtYHdKOmZ4dR6fExsd4SXL+WQ=="
		},
		"fetch-blob": {
			"version": "2.1.2",
			"resolved": "https://registry.npmjs.org/fetch-blob/-/fetch-blob-2.1.2.tgz",
			"integrity": "sha512-YKqtUDwqLyfyMnmbw8XD6Q8j9i/HggKtPEI+pZ1+8bvheBu78biSmNaXWusx1TauGqtUUGx/cBb1mKdq2rLYow=="
		},
		"jsonld": {
			"version": "5.2.0",
			"resolved": "https://registry.npmjs.org/jsonld/-/jsonld-5.2.0.tgz",
			"integrity": "sha512-JymgT6Xzk5CHEmHuEyvoTNviEPxv6ihLWSPu1gFdtjSAyM6cFqNrv02yS/SIur3BBIkCf0HjizRc24d8/FfQKw==",
			"requires": {
				"@digitalbazaar/http-client": "^1.1.0",
				"canonicalize": "^1.0.1",
				"lru-cache": "^6.0.0",
				"rdf-canonize": "^3.0.0"
			}
		},
		"jsonparse": {
			"version": "1.3.1",
			"resolved": "https://registry.npmjs.org/jsonparse/-/jsonparse-1.3.1.tgz",
			"integrity": "sha1-P02uSpH6wxX3EGL4UhzCOfE2YoA="
		},
		"ky": {
			"version": "0.25.1",
			"resolved": "https://registry.npmjs.org/ky/-/ky-0.25.1.tgz",
			"integrity": "sha512-PjpCEWlIU7VpiMVrTwssahkYXX1by6NCT0fhTUX34F3DTinARlgMpriuroolugFPcMgpPWrOW4mTb984Qm1RXA=="
		},
		"ky-universal": {
			"version": "0.8.2",
			"resolved": "https://registry.npmjs.org/ky-universal/-/ky-universal-0.8.2.tgz",
			"integrity": "sha512-xe0JaOH9QeYxdyGLnzUOVGK4Z6FGvDVzcXFTdrYA1f33MZdEa45sUDaMBy98xQMcsd2XIBrTXRrRYnegcSdgVQ==",
			"requires": {
				"abort-controller": "^3.0.0",
				"node-fetch": "3.0.0-beta.9"
			},
			"dependencies": {
				"node-fetch": {
					"version": "3.0.0-beta.9",
					"resolved": "https://registry.npmjs.org/node-fetch/-/node-fetch-3.0.0-beta.9.tgz",
					"integrity": "sha512-RdbZCEynH2tH46+tj0ua9caUHVWrd/RHnRfvly2EVdqGmI3ndS1Vn/xjm5KuGejDt2RNDQsVRLPNd2QPwcewVg==",
					"requires": {
						"data-uri-to-buffer": "^3.0.1",
						"fetch-blob": "^2.1.1"
					}
				}
			}
		},
		"lru-cache": {
			"version": "6.0.0",
			"resolved": "https://registry.npmjs.org/lru-cache/-/lru-cache-6.0.0.tgz",
			"integrity": "sha512-Jo6dJ04CmSjuznwJSS3pUeWmd/H0ffTlkXXgwZi+eq1UCmqQwCh+eLsYOYCwY991i2Fah4h1BEMCx4qThGbsiA==",
			"requires": {
				"yallist": "^4.0.0"
			}
		},
		"negotiator": {
			"version": "0.6.2",
			"resolved": "https://registry.npmjs.org/negotiator/-/negotiator-0.6.2.tgz",
			"integrity": "sha512-hZXc7K2e+PgeI1eDBe/10Ard4ekbfrrqG8Ep+8Jmf4JID2bNg7NvCPOZN+kfF574pFQI7mum2AUqDidoKqcTOw=="
		},
		"node-fetch": {
			"version": "2.6.1",
			"resolved": "https://registry.npmjs.org/node-fetch/-/node-fetch-2.6.1.tgz",
			"integrity": "sha512-V4aYg89jEoVRxRb2fJdAg8FHvI7cEyYdVAh94HH0UIK8oJxUfkjlDQN9RbMx+bEjP7+ggMiFRprSti032Oipxw=="
		},
		"rdf-canonize": {
			"version": "3.0.0",
			"resolved": "https://registry.npmjs.org/rdf-canonize/-/rdf-canonize-3.0.0.tgz",
			"integrity": "sha512-LXRkhab1QaPJnhUIt1gtXXKswQCZ9zpflsSZFczG7mCLAkMvVjdqCGk9VXCUss0aOUeEyV2jtFxGcdX8DSkj9w==",
			"requires": {
				"setimmediate": "^1.0.5"
			}
		},
		"rdf-data-factory": {
			"version": "1.0.3",
			"resolved": "https://registry.npmjs.org/rdf-data-factory/-/rdf-data-factory-1.0.3.tgz",
			"integrity": "sha512-Fm0E5JiGZl4vRK2qlMmmI/CEZeN/NgEWHyBmTmtFCyp/tAfb5veDfdB1ZqNRqR16pNHzDiPeKZmE7qCK3IehWA==",
			"requires": {
				"@types/rdf-js": "*"
			}
		},
		"setimmediate": {
			"version": "1.0.5",
			"resolved": "https://registry.npmjs.org/setimmediate/-/setimmediate-1.0.5.tgz",
			"integrity": "sha1-KQy7Iy4waULX1+qbg3Mqt4VvgoU="
		},
		"sparqljson-parse": {
			"version": "1.6.0",
			"resolved": "https://registry.npmjs.org/sparqljson-parse/-/sparqljson-parse-1.6.0.tgz",
			"integrity": "sha512-alIiURVr3AXIGU6fjuh5k6fwINwGKBQu5QnN9TEpoyIRvukKxZLQE07AHsw/Wxhkxico81tPf8nJTx7H1ira5A==",
			"requires": {
				"@types/node": "^13.1.0",
				"@types/rdf-js": "*",
				"JSONStream": "^1.3.3",
				"rdf-data-factory": "^1.0.2"
			}
		},
		"through": {
			"version": "2.3.8",
			"resolved": "https://registry.npmjs.org/through/-/through-2.3.8.tgz",
			"integrity": "sha1-DdTJ/6q8NXlgsbckEV1+Doai4fU="
		},
		"yallist": {
			"version": "4.0.0",
			"resolved": "https://registry.npmjs.org/yallist/-/yallist-4.0.0.tgz",
			"integrity": "sha512-3wdGidZyq5PB084XLES5TpOSRA3wjXAlIWMhum2kRcv/41Sn2emQ0dycQW4uZXLejwKvg6EsvbdlVL+FYEct7A=="
		}
	}
}
