{
	"name": "@semapps/triplestore",
	"version": "0.4.0-alpha.2",
	"lockfileVersion": 1,
	"requires": true,
	"dependencies": {
		"@types/node": {
			"version": "13.13.25",
			"resolved": "https://registry.npmjs.org/@types/node/-/node-13.13.25.tgz",
			"integrity": "sha512-6ZMK4xRcF2XrPdKmPYQxZkdHKV18xKgUFVvhIgw2iwaaO6weleLPHLBGPZmLhjo+m1N+MZXRAoBEBCCVqgO2zQ=="
		},
		"@types/rdf-js": {
			"version": "4.0.0",
			"resolved": "https://registry.npmjs.org/@types/rdf-js/-/rdf-js-4.0.0.tgz",
			"integrity": "sha512-2uaR7ks0380MqzUWGOPOOk9yZIr/6MOaCcaj3ntKgd2PqNocgi8j5kSHIJTDe+5ABtTHqKMSE0v0UqrsT8ibgQ==",
			"requires": {
				"@types/node": "*"
			}
		},
		"JSONStream": {
			"version": "1.3.5",
			"resolved": "https://registry.npmjs.org/JSONStream/-/JSONStream-1.3.5.tgz",
			"integrity": "sha512-E+iruNOY8VV9s4JEbe1aNEm6MiszPRr/UfcHMz0TQh1BXSxHK+ASV1R6W4HpjBhSeS+54PIsAMCBmwD06LLsqQ==",
			"requires": {
				"jsonparse": "^1.2.0",
				"through": ">=2.2.7 <3"
			}
		},
		"base64-js": {
			"version": "1.5.1",
			"resolved": "https://registry.npmjs.org/base64-js/-/base64-js-1.5.1.tgz",
			"integrity": "sha512-AKpaYlHn8t4SVbOHCy+b5+KKgvR4vrsD8vbvrbiQJps7fKDTkjkDry6ji0rUJjC0kzbNePLwzxq8iypo41qeWA=="
		},
		"bson": {
			"version": "4.5.3",
			"resolved": "https://registry.npmjs.org/bson/-/bson-4.5.3.tgz",
			"integrity": "sha512-qVX7LX79Mtj7B3NPLzCfBiCP6RAsjiV8N63DjlaVVpZW+PFoDTxQ4SeDbSpcqgE6mXksM5CAwZnXxxxn/XwC0g==",
			"requires": {
				"buffer": "^5.6.0"
			}
		},
		"buffer": {
			"version": "5.7.1",
			"resolved": "https://registry.npmjs.org/buffer/-/buffer-5.7.1.tgz",
			"integrity": "sha512-EHcyIPBQ4BSGlvjB16k5KgAJ27CIsHY/2JBmCRReo48y9rQ3MaUzWX3KVlBa4U7MyX02HdVj0K7C3WaB3ju7FQ==",
			"requires": {
				"base64-js": "^1.3.1",
				"ieee754": "^1.1.13"
			}
		},
		"ieee754": {
			"version": "1.2.1",
			"resolved": "https://registry.npmjs.org/ieee754/-/ieee754-1.2.1.tgz",
			"integrity": "sha512-dcyqhDvX1C46lXZcVqCpK+FtMRQVdIMN6/Df5js2zouUsqG7I6sFxitIC+7KYK29KdXOLHdu9zL4sFnoVQnqaA=="
		},
		"jsonparse": {
			"version": "1.3.1",
			"resolved": "https://registry.npmjs.org/jsonparse/-/jsonparse-1.3.1.tgz",
			"integrity": "sha1-P02uSpH6wxX3EGL4UhzCOfE2YoA="
		},
		"negotiator": {
			"version": "0.6.2",
			"resolved": "https://registry.npmjs.org/negotiator/-/negotiator-0.6.2.tgz",
			"integrity": "sha512-hZXc7K2e+PgeI1eDBe/10Ard4ekbfrrqG8Ep+8Jmf4JID2bNg7NvCPOZN+kfF574pFQI7mum2AUqDidoKqcTOw=="
		},
		"node-fetch": {
			"version": "2.6.6",
			"resolved": "https://registry.npmjs.org/node-fetch/-/node-fetch-2.6.6.tgz",
			"integrity": "sha512-Z8/6vRlTUChSdIgMa51jxQ4lrw/Jy5SOW10ObaA47/RElsAN2c5Pn8bTgFGWn/ibwzXTE8qwr1Yzx28vsecXEA==",
			"requires": {
				"whatwg-url": "^5.0.0"
			}
		},
		"rdf-data-factory": {
			"version": "1.0.3",
			"resolved": "https://registry.npmjs.org/rdf-data-factory/-/rdf-data-factory-1.0.3.tgz",
			"integrity": "sha512-Fm0E5JiGZl4vRK2qlMmmI/CEZeN/NgEWHyBmTmtFCyp/tAfb5veDfdB1ZqNRqR16pNHzDiPeKZmE7qCK3IehWA==",
			"requires": {
				"@types/rdf-js": "*"
			}
		},
		"sparqljson-parse": {
			"version": "1.6.0",
			"resolved": "https://registry.npmjs.org/sparqljson-parse/-/sparqljson-parse-1.6.0.tgz",
			"integrity": "sha512-alIiURVr3AXIGU6fjuh5k6fwINwGKBQu5QnN9TEpoyIRvukKxZLQE07AHsw/Wxhkxico81tPf8nJTx7H1ira5A==",
			"requires": {
				"@types/node": "^13.1.0",
				"@types/rdf-js": "*",
				"JSONStream": "^1.3.3",
				"rdf-data-factory": "^1.0.2"
			}
		},
		"through": {
			"version": "2.3.8",
			"resolved": "https://registry.npmjs.org/through/-/through-2.3.8.tgz",
			"integrity": "sha1-DdTJ/6q8NXlgsbckEV1+Doai4fU="
		},
		"tr46": {
			"version": "0.0.3",
			"resolved": "https://registry.npmjs.org/tr46/-/tr46-0.0.3.tgz",
			"integrity": "sha1-gYT9NH2snNwYWZLzpmIuFLnZq2o="
		},
		"url-join": {
			"version": "4.0.1",
			"resolved": "https://registry.npmjs.org/url-join/-/url-join-4.0.1.tgz",
			"integrity": "sha512-jk1+QP6ZJqyOiuEI9AEWQfju/nB2Pw466kbA0LEZljHwKeMgd9WrAEgEGxjPDD2+TNbbb37rTyhEfrCXfuKXnA=="
		},
		"webidl-conversions": {
			"version": "3.0.1",
			"resolved": "https://registry.npmjs.org/webidl-conversions/-/webidl-conversions-3.0.1.tgz",
			"integrity": "sha1-JFNCdeKnvGvnvIZhHMFq4KVlSHE="
		},
		"whatwg-url": {
			"version": "5.0.0",
			"resolved": "https://registry.npmjs.org/whatwg-url/-/whatwg-url-5.0.0.tgz",
			"integrity": "sha1-lmRU6HZUYuN2RNNib2dCzotwll0=",
			"requires": {
				"tr46": "~0.0.3",
				"webidl-conversions": "^3.0.0"
			}
		}
	}
}
